// !$*UTF8*$!
{
	archiveVersion = 1;
	classes = {
	};
	objectVersion = 46;
	objects = {

/* Begin PBXBuildFile section */
		070C24F31592A13C00F0F042 /* chain-ipad.png in Resources */ = {isa = PBXBuildFile; fileRef = 070C24DB1592A13C00F0F042 /* chain-ipad.png */; };
		070C24F41592A13C00F0F042 /* chain.png in Resources */ = {isa = PBXBuildFile; fileRef = 070C24DC1592A13C00F0F042 /* chain.png */; };
		070C24F51592A13C00F0F042 /* gameset-ipad.png in Resources */ = {isa = PBXBuildFile; fileRef = 070C24DD1592A13C00F0F042 /* gameset-ipad.png */; };
		070C24F61592A13C00F0F042 /* gameset.png in Resources */ = {isa = PBXBuildFile; fileRef = 070C24DE1592A13C00F0F042 /* gameset.png */; };
		070C24F71592A13C00F0F042 /* go-ipad.png in Resources */ = {isa = PBXBuildFile; fileRef = 070C24DF1592A13C00F0F042 /* go-ipad.png */; };
		070C24F81592A13C00F0F042 /* go.png in Resources */ = {isa = PBXBuildFile; fileRef = 070C24E01592A13C00F0F042 /* go.png */; };
		070C24F91592A13C00F0F042 /* no_disable-ipad.png in Resources */ = {isa = PBXBuildFile; fileRef = 070C24E11592A13C00F0F042 /* no_disable-ipad.png */; };
		070C24FA1592A13C00F0F042 /* no_disable.png in Resources */ = {isa = PBXBuildFile; fileRef = 070C24E21592A13C00F0F042 /* no_disable.png */; };
		070C24FB1592A13C00F0F042 /* no-ipad.png in Resources */ = {isa = PBXBuildFile; fileRef = 070C24E31592A13C00F0F042 /* no-ipad.png */; };
		070C24FC1592A13C00F0F042 /* no.png in Resources */ = {isa = PBXBuildFile; fileRef = 070C24E41592A13C00F0F042 /* no.png */; };
		070C24FD1592A13C00F0F042 /* ready-ipad.png in Resources */ = {isa = PBXBuildFile; fileRef = 070C24E51592A13C00F0F042 /* ready-ipad.png */; };
		070C24FE1592A13C00F0F042 /* ready.png in Resources */ = {isa = PBXBuildFile; fileRef = 070C24E61592A13C00F0F042 /* ready.png */; };
		070C24FF1592A13C00F0F042 /* restart_selected-ipad.png in Resources */ = {isa = PBXBuildFile; fileRef = 070C24E71592A13C00F0F042 /* restart_selected-ipad.png */; };
		070C25001592A13C00F0F042 /* restart_selected.png in Resources */ = {isa = PBXBuildFile; fileRef = 070C24E81592A13C00F0F042 /* restart_selected.png */; };
		070C25011592A13C00F0F042 /* restart-ipad.png in Resources */ = {isa = PBXBuildFile; fileRef = 070C24E91592A13C00F0F042 /* restart-ipad.png */; };
		070C25021592A13C00F0F042 /* restart.png in Resources */ = {isa = PBXBuildFile; fileRef = 070C24EA1592A13C00F0F042 /* restart.png */; };
		070C25031592A13C00F0F042 /* title_selected-ipad.png in Resources */ = {isa = PBXBuildFile; fileRef = 070C24EB1592A13C00F0F042 /* title_selected-ipad.png */; };
		070C25041592A13C00F0F042 /* title_selected.png in Resources */ = {isa = PBXBuildFile; fileRef = 070C24EC1592A13C00F0F042 /* title_selected.png */; };
		070C25051592A13C00F0F042 /* title-ipad.png in Resources */ = {isa = PBXBuildFile; fileRef = 070C24ED1592A13C00F0F042 /* title-ipad.png */; };
		070C25061592A13C00F0F042 /* title.png in Resources */ = {isa = PBXBuildFile; fileRef = 070C24EE1592A13C00F0F042 /* title.png */; };
		070C25071592A13C00F0F042 /* yes_disable-ipad.png in Resources */ = {isa = PBXBuildFile; fileRef = 070C24EF1592A13C00F0F042 /* yes_disable-ipad.png */; };
		070C25081592A13C00F0F042 /* yes_disable.png in Resources */ = {isa = PBXBuildFile; fileRef = 070C24F01592A13C00F0F042 /* yes_disable.png */; };
		070C25091592A13C00F0F042 /* yes-ipad.png in Resources */ = {isa = PBXBuildFile; fileRef = 070C24F11592A13C00F0F042 /* yes-ipad.png */; };
		070C250A1592A13C00F0F042 /* yes.png in Resources */ = {isa = PBXBuildFile; fileRef = 070C24F21592A13C00F0F042 /* yes.png */; };
		070C250E1592A41500F0F042 /* draw-ipad.png in Resources */ = {isa = PBXBuildFile; fileRef = 070C250C1592A41500F0F042 /* draw-ipad.png */; };
		070C250F1592A41500F0F042 /* draw.png in Resources */ = {isa = PBXBuildFile; fileRef = 070C250D1592A41500F0F042 /* draw.png */; };
		070C251D159932A800F0F042 /* main.caf in Resources */ = {isa = PBXBuildFile; fileRef = 070C251C159932A800F0F042 /* main.caf */; };
		070C25201599367900F0F042 /* break.caf in Resources */ = {isa = PBXBuildFile; fileRef = 070C251E1599361300F0F042 /* break.caf */; };
		070C25211599367900F0F042 /* slash.caf in Resources */ = {isa = PBXBuildFile; fileRef = 070C251F1599361300F0F042 /* slash.caf */; };
		070FCCA8158E65EB00F6DC00 /* brush-ipad.png in Resources */ = {isa = PBXBuildFile; fileRef = 070FCC7A158E65EB00F6DC00 /* brush-ipad.png */; };
		070FCCA9158E65EB00F6DC00 /* brush.png in Resources */ = {isa = PBXBuildFile; fileRef = 070FCC7B158E65EB00F6DC00 /* brush.png */; };
		070FCCAA158E65EB00F6DC00 /* paint0-ipad.png in Resources */ = {isa = PBXBuildFile; fileRef = 070FCC7C158E65EB00F6DC00 /* paint0-ipad.png */; };
		070FCCAB158E65EB00F6DC00 /* paint0.png in Resources */ = {isa = PBXBuildFile; fileRef = 070FCC7D158E65EB00F6DC00 /* paint0.png */; };
		070FCCAC158E65EB00F6DC00 /* paint1-ipad.png in Resources */ = {isa = PBXBuildFile; fileRef = 070FCC7E158E65EB00F6DC00 /* paint1-ipad.png */; };
		070FCCAD158E65EB00F6DC00 /* paint1.png in Resources */ = {isa = PBXBuildFile; fileRef = 070FCC7F158E65EB00F6DC00 /* paint1.png */; };
		070FCCAE158E65EB00F6DC00 /* item_accel-ipad.png in Resources */ = {isa = PBXBuildFile; fileRef = 070FCC81158E65EB00F6DC00 /* item_accel-ipad.png */; };
		070FCCAF158E65EB00F6DC00 /* item_accel.png in Resources */ = {isa = PBXBuildFile; fileRef = 070FCC82158E65EB00F6DC00 /* item_accel.png */; };
		070FCCB0158E65EB00F6DC00 /* item_blind-ipad.png in Resources */ = {isa = PBXBuildFile; fileRef = 070FCC83158E65EB00F6DC00 /* item_blind-ipad.png */; };
		070FCCB1158E65EB00F6DC00 /* item_blind.png in Resources */ = {isa = PBXBuildFile; fileRef = 070FCC84158E65EB00F6DC00 /* item_blind.png */; };
		070FCCB2158E65EB00F6DC00 /* item_brake-ipad.png in Resources */ = {isa = PBXBuildFile; fileRef = 070FCC85158E65EB00F6DC00 /* item_brake-ipad.png */; };
		070FCCB3158E65EB00F6DC00 /* item_brake.png in Resources */ = {isa = PBXBuildFile; fileRef = 070FCC86158E65EB00F6DC00 /* item_brake.png */; };
		070FCCB4158E65EB00F6DC00 /* item_paint-ipad.png in Resources */ = {isa = PBXBuildFile; fileRef = 070FCC87158E65EB00F6DC00 /* item_paint-ipad.png */; };
		070FCCB5158E65EB00F6DC00 /* item_paint.png in Resources */ = {isa = PBXBuildFile; fileRef = 070FCC88158E65EB00F6DC00 /* item_paint.png */; };
		070FCCB6158E65EB00F6DC00 /* item_snatch-ipad.png in Resources */ = {isa = PBXBuildFile; fileRef = 070FCC89158E65EB00F6DC00 /* item_snatch-ipad.png */; };
		070FCCB7158E65EB00F6DC00 /* item_snatch.png in Resources */ = {isa = PBXBuildFile; fileRef = 070FCC8A158E65EB00F6DC00 /* item_snatch.png */; };
		070FCCC2158E65EB00F6DC00 /* lose-ipad.png in Resources */ = {isa = PBXBuildFile; fileRef = 070FCC96158E65EB00F6DC00 /* lose-ipad.png */; };
		070FCCC3158E65EB00F6DC00 /* lose.png in Resources */ = {isa = PBXBuildFile; fileRef = 070FCC97158E65EB00F6DC00 /* lose.png */; };
		070FCCC4158E65EB00F6DC00 /* player0-ipad.png in Resources */ = {isa = PBXBuildFile; fileRef = 070FCC98158E65EB00F6DC00 /* player0-ipad.png */; };
		070FCCC5158E65EB00F6DC00 /* player0.png in Resources */ = {isa = PBXBuildFile; fileRef = 070FCC99158E65EB00F6DC00 /* player0.png */; };
		070FCCC6158E65EB00F6DC00 /* player1-ipad.png in Resources */ = {isa = PBXBuildFile; fileRef = 070FCC9A158E65EB00F6DC00 /* player1-ipad.png */; };
		070FCCC7158E65EB00F6DC00 /* player1.png in Resources */ = {isa = PBXBuildFile; fileRef = 070FCC9B158E65EB00F6DC00 /* player1.png */; };
		070FCCC8158E65EB00F6DC00 /* status-ipad.png in Resources */ = {isa = PBXBuildFile; fileRef = 070FCC9C158E65EB00F6DC00 /* status-ipad.png */; };
		070FCCC9158E65EB00F6DC00 /* status.png in Resources */ = {isa = PBXBuildFile; fileRef = 070FCC9D158E65EB00F6DC00 /* status.png */; };
		070FCCCA158E65EB00F6DC00 /* win0_disable-ipad.png in Resources */ = {isa = PBXBuildFile; fileRef = 070FCC9E158E65EB00F6DC00 /* win0_disable-ipad.png */; };
		070FCCCB158E65EB00F6DC00 /* win0_disable.png in Resources */ = {isa = PBXBuildFile; fileRef = 070FCC9F158E65EB00F6DC00 /* win0_disable.png */; };
		070FCCCC158E65EB00F6DC00 /* win0_enable-ipad.png in Resources */ = {isa = PBXBuildFile; fileRef = 070FCCA0158E65EB00F6DC00 /* win0_enable-ipad.png */; };
		070FCCCD158E65EB00F6DC00 /* win0_enable.png in Resources */ = {isa = PBXBuildFile; fileRef = 070FCCA1158E65EB00F6DC00 /* win0_enable.png */; };
		070FCCCE158E65EB00F6DC00 /* win1_disable-ipad.png in Resources */ = {isa = PBXBuildFile; fileRef = 070FCCA2158E65EB00F6DC00 /* win1_disable-ipad.png */; };
		070FCCCF158E65EB00F6DC00 /* win1_disable.png in Resources */ = {isa = PBXBuildFile; fileRef = 070FCCA3158E65EB00F6DC00 /* win1_disable.png */; };
		070FCCD0158E65EB00F6DC00 /* win1_enable-ipad.png in Resources */ = {isa = PBXBuildFile; fileRef = 070FCCA4158E65EB00F6DC00 /* win1_enable-ipad.png */; };
		070FCCD1158E65EB00F6DC00 /* win1_enable.png in Resources */ = {isa = PBXBuildFile; fileRef = 070FCCA5158E65EB00F6DC00 /* win1_enable.png */; };
		070FCCD2158E65EB00F6DC00 /* win-ipad.png in Resources */ = {isa = PBXBuildFile; fileRef = 070FCCA6158E65EB00F6DC00 /* win-ipad.png */; };
		070FCCD3158E65EB00F6DC00 /* win.png in Resources */ = {isa = PBXBuildFile; fileRef = 070FCCA7158E65EB00F6DC00 /* win.png */; };
		070FCCD6158E6BDC00F6DC00 /* SPStatusBar.m in Sources */ = {isa = PBXBuildFile; fileRef = 070FCCD5158E6BDC00F6DC00 /* SPStatusBar.m */; };
		070FCCD9158E6EA800F6DC00 /* gauge-ipad.png in Resources */ = {isa = PBXBuildFile; fileRef = 070FCCD7158E6EA800F6DC00 /* gauge-ipad.png */; };
		070FCCDA158E6EA800F6DC00 /* gauge.png in Resources */ = {isa = PBXBuildFile; fileRef = 070FCCD8158E6EA800F6DC00 /* gauge.png */; };
		070FCCDD158E836600F6DC00 /* CCToggleSprite.m in Sources */ = {isa = PBXBuildFile; fileRef = 070FCCDC158E836600F6DC00 /* CCToggleSprite.m */; };
		0715944F1592BEF6003BC47E /* SPDrawing.m in Sources */ = {isa = PBXBuildFile; fileRef = 0715944A1592BE30003BC47E /* SPDrawing.m */; };
		071594501592BEF6003BC47E /* SPDrawingManager.m in Sources */ = {isa = PBXBuildFile; fileRef = 0715944C1592BE30003BC47E /* SPDrawingManager.m */; };
		071594511592BEF6003BC47E /* SPPlayer.m in Sources */ = {isa = PBXBuildFile; fileRef = 0715944E1592BE30003BC47E /* SPPlayer.m */; };
		0715945C1592C0EC003BC47E /* crystal_frame-ipad.png in Resources */ = {isa = PBXBuildFile; fileRef = 071594521592C0EC003BC47E /* crystal_frame-ipad.png */; };
		0715945D1592C0EC003BC47E /* crystal_frame.png in Resources */ = {isa = PBXBuildFile; fileRef = 071594531592C0EC003BC47E /* crystal_frame.png */; };
		0715945E1592C0EC003BC47E /* crystal0_disable-ipad.png in Resources */ = {isa = PBXBuildFile; fileRef = 071594541592C0EC003BC47E /* crystal0_disable-ipad.png */; };
		0715945F1592C0EC003BC47E /* crystal0_disable.png in Resources */ = {isa = PBXBuildFile; fileRef = 071594551592C0EC003BC47E /* crystal0_disable.png */; };
		071594601592C0EC003BC47E /* crystal0_enable-ipad.png in Resources */ = {isa = PBXBuildFile; fileRef = 071594561592C0EC003BC47E /* crystal0_enable-ipad.png */; };
		071594611592C0EC003BC47E /* crystal0_enable.png in Resources */ = {isa = PBXBuildFile; fileRef = 071594571592C0EC003BC47E /* crystal0_enable.png */; };
		071594621592C0EC003BC47E /* crystal1_disable-ipad.png in Resources */ = {isa = PBXBuildFile; fileRef = 071594581592C0EC003BC47E /* crystal1_disable-ipad.png */; };
		071594631592C0EC003BC47E /* crystal1_disable.png in Resources */ = {isa = PBXBuildFile; fileRef = 071594591592C0EC003BC47E /* crystal1_disable.png */; };
		071594641592C0EC003BC47E /* crystal1_enable-ipad.png in Resources */ = {isa = PBXBuildFile; fileRef = 0715945A1592C0EC003BC47E /* crystal1_enable-ipad.png */; };
		071594651592C0EC003BC47E /* crystal1_enable.png in Resources */ = {isa = PBXBuildFile; fileRef = 0715945B1592C0EC003BC47E /* crystal1_enable.png */; };
		071594681592C559003BC47E /* background-ipad.png in Resources */ = {isa = PBXBuildFile; fileRef = 071594661592C559003BC47E /* background-ipad.png */; };
		071594691592C559003BC47E /* background.png in Resources */ = {isa = PBXBuildFile; fileRef = 071594671592C559003BC47E /* background.png */; };
		0715946C1592D1FD003BC47E /* SPItem.m in Sources */ = {isa = PBXBuildFile; fileRef = 0715946B1592D1FD003BC47E /* SPItem.m */; };
		0715947B159339C9003BC47E /* Icon-72.png in Resources */ = {isa = PBXBuildFile; fileRef = 0715947A159339C9003BC47E /* Icon-72.png */; };
		0715947F15934095003BC47E /* complete.caf in Resources */ = {isa = PBXBuildFile; fileRef = 0715947E15934095003BC47E /* complete.caf */; };
		07185C2E1598462500B111E9 /* item.caf in Resources */ = {isa = PBXBuildFile; fileRef = 07185C2C159845ED00B111E9 /* item.caf */; };
		074DD68A157F76A000C4DCA7 /* .gitignore in Resources */ = {isa = PBXBuildFile; fileRef = 074DD655157F76A000C4DCA7 /* .gitignore */; };
		074DD68B157F76A000C4DCA7 /* KWMusicManager.m in Sources */ = {isa = PBXBuildFile; fileRef = 074DD659157F76A000C4DCA7 /* KWMusicManager.m */; };
		074DD68C157F76A000C4DCA7 /* tinymt32.c in Sources */ = {isa = PBXBuildFile; fileRef = 074DD65C157F76A000C4DCA7 /* tinymt32.c */; };
		074DD68D157F76A000C4DCA7 /* KWLayer.m in Sources */ = {isa = PBXBuildFile; fileRef = 074DD660157F76A000C4DCA7 /* KWLayer.m */; };
		074DD68E157F76A000C4DCA7 /* KWState.m in Sources */ = {isa = PBXBuildFile; fileRef = 074DD662157F76A000C4DCA7 /* KWState.m */; };
		074DD68F157F76A000C4DCA7 /* KWStateManager.m in Sources */ = {isa = PBXBuildFile; fileRef = 074DD664157F76A000C4DCA7 /* KWStateManager.m */; };
		074DD690157F76A000C4DCA7 /* CCSpriteExtension.m in Sources */ = {isa = PBXBuildFile; fileRef = 074DD667157F76A000C4DCA7 /* CCSpriteExtension.m */; };
		074DD691157F76A000C4DCA7 /* KWAnimation.m in Sources */ = {isa = PBXBuildFile; fileRef = 074DD669157F76A000C4DCA7 /* KWAnimation.m */; };
		074DD692157F76A000C4DCA7 /* KWGauge.m in Sources */ = {isa = PBXBuildFile; fileRef = 074DD66B157F76A000C4DCA7 /* KWGauge.m */; };
		074DD693157F76A000C4DCA7 /* KWMessageWindow.m in Sources */ = {isa = PBXBuildFile; fileRef = 074DD66D157F76A000C4DCA7 /* KWMessageWindow.m */; };
		074DD694157F76A000C4DCA7 /* KWPieChart.m in Sources */ = {isa = PBXBuildFile; fileRef = 074DD670157F76A000C4DCA7 /* KWPieChart.m */; };
		074DD695157F76A000C4DCA7 /* KWScrollLayer.m in Sources */ = {isa = PBXBuildFile; fileRef = 074DD672157F76A000C4DCA7 /* KWScrollLayer.m */; };
		074DD696157F76A000C4DCA7 /* KWShadowLabelTTF.m in Sources */ = {isa = PBXBuildFile; fileRef = 074DD674157F76A000C4DCA7 /* KWShadowLabelTTF.m */; };
		074DD697157F76A000C4DCA7 /* KWTimerLabel.m in Sources */ = {isa = PBXBuildFile; fileRef = 074DD676157F76A000C4DCA7 /* KWTimerLabel.m */; };
		074DD698157F76A000C4DCA7 /* KWDrawingPrimitives.m in Sources */ = {isa = PBXBuildFile; fileRef = 074DD679157F76A000C4DCA7 /* KWDrawingPrimitives.m */; };
		074DD699157F76A000C4DCA7 /* KWRandom.m in Sources */ = {isa = PBXBuildFile; fileRef = 074DD67B157F76A000C4DCA7 /* KWRandom.m */; };
		074DD69A157F76A000C4DCA7 /* KWSingleton.m in Sources */ = {isa = PBXBuildFile; fileRef = 074DD67D157F76A000C4DCA7 /* KWSingleton.m */; };
		074DD69B157F76A000C4DCA7 /* KWTimer.m in Sources */ = {isa = PBXBuildFile; fileRef = 074DD67F157F76A000C4DCA7 /* KWTimer.m */; };
		074DD69C157F76A000C4DCA7 /* KWUtility.m in Sources */ = {isa = PBXBuildFile; fileRef = 074DD681157F76A000C4DCA7 /* KWUtility.m */; };
		074DD69D157F76A000C4DCA7 /* KWVector.m in Sources */ = {isa = PBXBuildFile; fileRef = 074DD683157F76A000C4DCA7 /* KWVector.m */; };
		074DD69E157F76A000C4DCA7 /* NSArrayExtension.m in Sources */ = {isa = PBXBuildFile; fileRef = 074DD685157F76A000C4DCA7 /* NSArrayExtension.m */; };
		074DD69F157F76A000C4DCA7 /* README.rst in Resources */ = {isa = PBXBuildFile; fileRef = 074DD686157F76A000C4DCA7 /* README.rst */; };
		074DD6A0157F76A000C4DCA7 /* graphic_converter.py in Resources */ = {isa = PBXBuildFile; fileRef = 074DD688157F76A000C4DCA7 /* graphic_converter.py */; };
		074DD6A1157F76A000C4DCA7 /* sound_converter.py in Resources */ = {isa = PBXBuildFile; fileRef = 074DD689157F76A000C4DCA7 /* sound_converter.py */; };
		074DD6A5157F7D1300C4DCA7 /* SPMainLayer.m in Sources */ = {isa = PBXBuildFile; fileRef = 074DD6A4157F7D1300C4DCA7 /* SPMainLayer.m */; };
		07980DF91585B0E8004B230C /* CCTexture2D+DrawInPoly.m in Sources */ = {isa = PBXBuildFile; fileRef = 07980DF81585B0E8004B230C /* CCTexture2D+DrawInPoly.m */; };
		DC485B1113AA0E5600F2BC70 /* libchipmunk-mac.a in Frameworks */ = {isa = PBXBuildFile; fileRef = DC485B0D13AA0E5600F2BC70 /* libchipmunk-mac.a */; };
		DC485B1713AA0EBB00F2BC70 /* libbox2d-mac.a in Frameworks */ = {isa = PBXBuildFile; fileRef = DC485B1613AA0EBB00F2BC70 /* libbox2d-mac.a */; };
		DC485B4613AA18A600F2BC70 /* libcocosdenshion-mac.a in Frameworks */ = {isa = PBXBuildFile; fileRef = DC485B4513AA18A600F2BC70 /* libcocosdenshion-mac.a */; };
		DC65615C13A969B600A7AC53 /* libbox2d-ios.a in Frameworks */ = {isa = PBXBuildFile; fileRef = DC65615013A969B600A7AC53 /* libbox2d-ios.a */; };
		DC65615D13A969B600A7AC53 /* libchipmunk-ios.a in Frameworks */ = {isa = PBXBuildFile; fileRef = DC65615113A969B600A7AC53 /* libchipmunk-ios.a */; };
		DC65615E13A969B600A7AC53 /* libchipmunk-spacemanager-ios.a in Frameworks */ = {isa = PBXBuildFile; fileRef = DC65615213A969B600A7AC53 /* libchipmunk-spacemanager-ios.a */; };
		DC65616013A969B600A7AC53 /* libcocos2d-extensions-ios.a in Frameworks */ = {isa = PBXBuildFile; fileRef = DC65615413A969B600A7AC53 /* libcocos2d-extensions-ios.a */; };
		DC65616113A969B600A7AC53 /* libcocos2d-ios.a in Frameworks */ = {isa = PBXBuildFile; fileRef = DC65615513A969B600A7AC53 /* libcocos2d-ios.a */; };
		DC65616213A969B600A7AC53 /* libcocos3d-ios.a in Frameworks */ = {isa = PBXBuildFile; fileRef = DC65615613A969B600A7AC53 /* libcocos3d-ios.a */; };
		DC65616313A969B600A7AC53 /* libcocosdenshion-ios.a in Frameworks */ = {isa = PBXBuildFile; fileRef = DC65615713A969B600A7AC53 /* libcocosdenshion-ios.a */; };
		DC65616413A969B600A7AC53 /* libkobold2d-ios.a in Frameworks */ = {isa = PBXBuildFile; fileRef = DC65615813A969B600A7AC53 /* libkobold2d-ios.a */; };
		DC65616513A969B600A7AC53 /* libobjectal-ios.a in Frameworks */ = {isa = PBXBuildFile; fileRef = DC65615913A969B600A7AC53 /* libobjectal-ios.a */; };
		DC65616613A969B600A7AC53 /* libsneakyinput-ios.a in Frameworks */ = {isa = PBXBuildFile; fileRef = DC65615A13A969B600A7AC53 /* libsneakyinput-ios.a */; };
		DC979E3E13B35F8800656CB9 /* libcocos2d-extensions-mac.a in Frameworks */ = {isa = PBXBuildFile; fileRef = DC979E3D13B35F8800656CB9 /* libcocos2d-extensions-mac.a */; };
		DC979E5A13B3607E00656CB9 /* libchipmunk-spacemanager-mac.a in Frameworks */ = {isa = PBXBuildFile; fileRef = DC979E5913B3607E00656CB9 /* libchipmunk-spacemanager-mac.a */; };
		DCC1A0FA13A94ED5005BD75D /* Default.png in Resources */ = {isa = PBXBuildFile; fileRef = DCC1A0F913A94ED5005BD75D /* Default.png */; };
		DCC1A0FC13A94ED5005BD75D /* fps_images.png in Resources */ = {isa = PBXBuildFile; fileRef = DCC1A0FB13A94ED5005BD75D /* fps_images.png */; };
		DCC1A0FE13A94ED5005BD75D /* Icon-72.png in Resources */ = {isa = PBXBuildFile; fileRef = DCC1A0FD13A94ED5005BD75D /* Icon-72.png */; };
		DCC1A10013A94ED5005BD75D /* Icon-Small-50.png in Resources */ = {isa = PBXBuildFile; fileRef = DCC1A0FF13A94ED5005BD75D /* Icon-Small-50.png */; };
		DCC1A10213A94ED5005BD75D /* Icon-Small.png in Resources */ = {isa = PBXBuildFile; fileRef = DCC1A10113A94ED5005BD75D /* Icon-Small.png */; };
		DCC1A10413A94ED5005BD75D /* Icon-Small@2x.png in Resources */ = {isa = PBXBuildFile; fileRef = DCC1A10313A94ED5005BD75D /* Icon-Small@2x.png */; };
		DCC1A10613A94ED5005BD75D /* Icon.png in Resources */ = {isa = PBXBuildFile; fileRef = DCC1A10513A94ED5005BD75D /* Icon.png */; };
		DCC1A10813A94ED5005BD75D /* Icon@2x.png in Resources */ = {isa = PBXBuildFile; fileRef = DCC1A10713A94ED5005BD75D /* Icon@2x.png */; };
		DCC1A10B13A94ED5005BD75D /* iTunesArtwork in Resources */ = {isa = PBXBuildFile; fileRef = DCC1A10A13A94ED5005BD75D /* iTunesArtwork */; };
		DCC1A3A913A94F1A005BD75D /* AppDelegate.m in Sources */ = {isa = PBXBuildFile; fileRef = DCC1A38E13A94F1A005BD75D /* AppDelegate.m */; };
		DCC1A3AA13A94F1A005BD75D /* AppDelegate.m in Sources */ = {isa = PBXBuildFile; fileRef = DCC1A38E13A94F1A005BD75D /* AppDelegate.m */; };
		DCC1A3AD13A94F1A005BD75D /* main.m in Sources */ = {isa = PBXBuildFile; fileRef = DCC1A39113A94F1A005BD75D /* main.m */; };
		DCC1A3AE13A94F1A005BD75D /* main.m in Sources */ = {isa = PBXBuildFile; fileRef = DCC1A39113A94F1A005BD75D /* main.m */; };
		DCC1A3AF13A94F1A005BD75D /* config.lua in Resources */ = {isa = PBXBuildFile; fileRef = DCC1A39513A94F1A005BD75D /* config.lua */; };
		DCC1A3B013A94F1A005BD75D /* config.lua in Resources */ = {isa = PBXBuildFile; fileRef = DCC1A39513A94F1A005BD75D /* config.lua */; };
		DCF95CD213A97EC500AE3B80 /* libcocos2d-mac.a in Frameworks */ = {isa = PBXBuildFile; fileRef = DCF95CC913A97EC500AE3B80 /* libcocos2d-mac.a */; };
		DCF95CD413A97EC500AE3B80 /* libkobold2d-mac.a in Frameworks */ = {isa = PBXBuildFile; fileRef = DCF95CCB13A97EC500AE3B80 /* libkobold2d-mac.a */; };
/* End PBXBuildFile section */

/* Begin PBXFileReference section */
		070C24DB1592A13C00F0F042 /* chain-ipad.png */ = {isa = PBXFileReference; lastKnownFileType = image.png; path = "chain-ipad.png"; sourceTree = "<group>"; };
		070C24DC1592A13C00F0F042 /* chain.png */ = {isa = PBXFileReference; lastKnownFileType = image.png; path = chain.png; sourceTree = "<group>"; };
		070C24DD1592A13C00F0F042 /* gameset-ipad.png */ = {isa = PBXFileReference; lastKnownFileType = image.png; path = "gameset-ipad.png"; sourceTree = "<group>"; };
		070C24DE1592A13C00F0F042 /* gameset.png */ = {isa = PBXFileReference; lastKnownFileType = image.png; path = gameset.png; sourceTree = "<group>"; };
		070C24DF1592A13C00F0F042 /* go-ipad.png */ = {isa = PBXFileReference; lastKnownFileType = image.png; path = "go-ipad.png"; sourceTree = "<group>"; };
		070C24E01592A13C00F0F042 /* go.png */ = {isa = PBXFileReference; lastKnownFileType = image.png; path = go.png; sourceTree = "<group>"; };
		070C24E11592A13C00F0F042 /* no_disable-ipad.png */ = {isa = PBXFileReference; lastKnownFileType = image.png; path = "no_disable-ipad.png"; sourceTree = "<group>"; };
		070C24E21592A13C00F0F042 /* no_disable.png */ = {isa = PBXFileReference; lastKnownFileType = image.png; path = no_disable.png; sourceTree = "<group>"; };
		070C24E31592A13C00F0F042 /* no-ipad.png */ = {isa = PBXFileReference; lastKnownFileType = image.png; path = "no-ipad.png"; sourceTree = "<group>"; };
		070C24E41592A13C00F0F042 /* no.png */ = {isa = PBXFileReference; lastKnownFileType = image.png; path = no.png; sourceTree = "<group>"; };
		070C24E51592A13C00F0F042 /* ready-ipad.png */ = {isa = PBXFileReference; lastKnownFileType = image.png; path = "ready-ipad.png"; sourceTree = "<group>"; };
		070C24E61592A13C00F0F042 /* ready.png */ = {isa = PBXFileReference; lastKnownFileType = image.png; path = ready.png; sourceTree = "<group>"; };
		070C24E71592A13C00F0F042 /* restart_selected-ipad.png */ = {isa = PBXFileReference; lastKnownFileType = image.png; path = "restart_selected-ipad.png"; sourceTree = "<group>"; };
		070C24E81592A13C00F0F042 /* restart_selected.png */ = {isa = PBXFileReference; lastKnownFileType = image.png; path = restart_selected.png; sourceTree = "<group>"; };
		070C24E91592A13C00F0F042 /* restart-ipad.png */ = {isa = PBXFileReference; lastKnownFileType = image.png; path = "restart-ipad.png"; sourceTree = "<group>"; };
		070C24EA1592A13C00F0F042 /* restart.png */ = {isa = PBXFileReference; lastKnownFileType = image.png; path = restart.png; sourceTree = "<group>"; };
		070C24EB1592A13C00F0F042 /* title_selected-ipad.png */ = {isa = PBXFileReference; lastKnownFileType = image.png; path = "title_selected-ipad.png"; sourceTree = "<group>"; };
		070C24EC1592A13C00F0F042 /* title_selected.png */ = {isa = PBXFileReference; lastKnownFileType = image.png; path = title_selected.png; sourceTree = "<group>"; };
		070C24ED1592A13C00F0F042 /* title-ipad.png */ = {isa = PBXFileReference; lastKnownFileType = image.png; path = "title-ipad.png"; sourceTree = "<group>"; };
		070C24EE1592A13C00F0F042 /* title.png */ = {isa = PBXFileReference; lastKnownFileType = image.png; path = title.png; sourceTree = "<group>"; };
		070C24EF1592A13C00F0F042 /* yes_disable-ipad.png */ = {isa = PBXFileReference; lastKnownFileType = image.png; path = "yes_disable-ipad.png"; sourceTree = "<group>"; };
		070C24F01592A13C00F0F042 /* yes_disable.png */ = {isa = PBXFileReference; lastKnownFileType = image.png; path = yes_disable.png; sourceTree = "<group>"; };
		070C24F11592A13C00F0F042 /* yes-ipad.png */ = {isa = PBXFileReference; lastKnownFileType = image.png; path = "yes-ipad.png"; sourceTree = "<group>"; };
		070C24F21592A13C00F0F042 /* yes.png */ = {isa = PBXFileReference; lastKnownFileType = image.png; path = yes.png; sourceTree = "<group>"; };
		070C250C1592A41500F0F042 /* draw-ipad.png */ = {isa = PBXFileReference; lastKnownFileType = image.png; path = "draw-ipad.png"; sourceTree = "<group>"; };
		070C250D1592A41500F0F042 /* draw.png */ = {isa = PBXFileReference; lastKnownFileType = image.png; path = draw.png; sourceTree = "<group>"; };
		070C251C159932A800F0F042 /* main.caf */ = {isa = PBXFileReference; lastKnownFileType = file; path = main.caf; sourceTree = "<group>"; };
		070C251E1599361300F0F042 /* break.caf */ = {isa = PBXFileReference; lastKnownFileType = file; path = break.caf; sourceTree = "<group>"; };
		070C251F1599361300F0F042 /* slash.caf */ = {isa = PBXFileReference; lastKnownFileType = file; path = slash.caf; sourceTree = "<group>"; };
		070FCC1C158E08AD00F6DC00 /* define.h */ = {isa = PBXFileReference; lastKnownFileType = sourcecode.c.h; path = define.h; sourceTree = "<group>"; };
		070FCC7A158E65EB00F6DC00 /* brush-ipad.png */ = {isa = PBXFileReference; lastKnownFileType = image.png; path = "brush-ipad.png"; sourceTree = "<group>"; };
		070FCC7B158E65EB00F6DC00 /* brush.png */ = {isa = PBXFileReference; lastKnownFileType = image.png; path = brush.png; sourceTree = "<group>"; };
		070FCC7C158E65EB00F6DC00 /* paint0-ipad.png */ = {isa = PBXFileReference; lastKnownFileType = image.png; path = "paint0-ipad.png"; sourceTree = "<group>"; };
		070FCC7D158E65EB00F6DC00 /* paint0.png */ = {isa = PBXFileReference; lastKnownFileType = image.png; path = paint0.png; sourceTree = "<group>"; };
		070FCC7E158E65EB00F6DC00 /* paint1-ipad.png */ = {isa = PBXFileReference; lastKnownFileType = image.png; path = "paint1-ipad.png"; sourceTree = "<group>"; };
		070FCC7F158E65EB00F6DC00 /* paint1.png */ = {isa = PBXFileReference; lastKnownFileType = image.png; path = paint1.png; sourceTree = "<group>"; };
		070FCC81158E65EB00F6DC00 /* item_accel-ipad.png */ = {isa = PBXFileReference; lastKnownFileType = image.png; path = "item_accel-ipad.png"; sourceTree = "<group>"; };
		070FCC82158E65EB00F6DC00 /* item_accel.png */ = {isa = PBXFileReference; lastKnownFileType = image.png; path = item_accel.png; sourceTree = "<group>"; };
		070FCC83158E65EB00F6DC00 /* item_blind-ipad.png */ = {isa = PBXFileReference; lastKnownFileType = image.png; path = "item_blind-ipad.png"; sourceTree = "<group>"; };
		070FCC84158E65EB00F6DC00 /* item_blind.png */ = {isa = PBXFileReference; lastKnownFileType = image.png; path = item_blind.png; sourceTree = "<group>"; };
		070FCC85158E65EB00F6DC00 /* item_brake-ipad.png */ = {isa = PBXFileReference; lastKnownFileType = image.png; path = "item_brake-ipad.png"; sourceTree = "<group>"; };
		070FCC86158E65EB00F6DC00 /* item_brake.png */ = {isa = PBXFileReference; lastKnownFileType = image.png; path = item_brake.png; sourceTree = "<group>"; };
		070FCC87158E65EB00F6DC00 /* item_paint-ipad.png */ = {isa = PBXFileReference; lastKnownFileType = image.png; path = "item_paint-ipad.png"; sourceTree = "<group>"; };
		070FCC88158E65EB00F6DC00 /* item_paint.png */ = {isa = PBXFileReference; lastKnownFileType = image.png; path = item_paint.png; sourceTree = "<group>"; };
		070FCC89158E65EB00F6DC00 /* item_snatch-ipad.png */ = {isa = PBXFileReference; lastKnownFileType = image.png; path = "item_snatch-ipad.png"; sourceTree = "<group>"; };
		070FCC8A158E65EB00F6DC00 /* item_snatch.png */ = {isa = PBXFileReference; lastKnownFileType = image.png; path = item_snatch.png; sourceTree = "<group>"; };
		070FCC96158E65EB00F6DC00 /* lose-ipad.png */ = {isa = PBXFileReference; lastKnownFileType = image.png; path = "lose-ipad.png"; sourceTree = "<group>"; };
		070FCC97158E65EB00F6DC00 /* lose.png */ = {isa = PBXFileReference; lastKnownFileType = image.png; path = lose.png; sourceTree = "<group>"; };
		070FCC98158E65EB00F6DC00 /* player0-ipad.png */ = {isa = PBXFileReference; lastKnownFileType = image.png; path = "player0-ipad.png"; sourceTree = "<group>"; };
		070FCC99158E65EB00F6DC00 /* player0.png */ = {isa = PBXFileReference; lastKnownFileType = image.png; path = player0.png; sourceTree = "<group>"; };
		070FCC9A158E65EB00F6DC00 /* player1-ipad.png */ = {isa = PBXFileReference; lastKnownFileType = image.png; path = "player1-ipad.png"; sourceTree = "<group>"; };
		070FCC9B158E65EB00F6DC00 /* player1.png */ = {isa = PBXFileReference; lastKnownFileType = image.png; path = player1.png; sourceTree = "<group>"; };
		070FCC9C158E65EB00F6DC00 /* status-ipad.png */ = {isa = PBXFileReference; lastKnownFileType = image.png; path = "status-ipad.png"; sourceTree = "<group>"; };
		070FCC9D158E65EB00F6DC00 /* status.png */ = {isa = PBXFileReference; lastKnownFileType = image.png; path = status.png; sourceTree = "<group>"; };
		070FCC9E158E65EB00F6DC00 /* win0_disable-ipad.png */ = {isa = PBXFileReference; lastKnownFileType = image.png; path = "win0_disable-ipad.png"; sourceTree = "<group>"; };
		070FCC9F158E65EB00F6DC00 /* win0_disable.png */ = {isa = PBXFileReference; lastKnownFileType = image.png; path = win0_disable.png; sourceTree = "<group>"; };
		070FCCA0158E65EB00F6DC00 /* win0_enable-ipad.png */ = {isa = PBXFileReference; lastKnownFileType = image.png; path = "win0_enable-ipad.png"; sourceTree = "<group>"; };
		070FCCA1158E65EB00F6DC00 /* win0_enable.png */ = {isa = PBXFileReference; lastKnownFileType = image.png; path = win0_enable.png; sourceTree = "<group>"; };
		070FCCA2158E65EB00F6DC00 /* win1_disable-ipad.png */ = {isa = PBXFileReference; lastKnownFileType = image.png; path = "win1_disable-ipad.png"; sourceTree = "<group>"; };
		070FCCA3158E65EB00F6DC00 /* win1_disable.png */ = {isa = PBXFileReference; lastKnownFileType = image.png; path = win1_disable.png; sourceTree = "<group>"; };
		070FCCA4158E65EB00F6DC00 /* win1_enable-ipad.png */ = {isa = PBXFileReference; lastKnownFileType = image.png; path = "win1_enable-ipad.png"; sourceTree = "<group>"; };
		070FCCA5158E65EB00F6DC00 /* win1_enable.png */ = {isa = PBXFileReference; lastKnownFileType = image.png; path = win1_enable.png; sourceTree = "<group>"; };
		070FCCA6158E65EB00F6DC00 /* win-ipad.png */ = {isa = PBXFileReference; lastKnownFileType = image.png; path = "win-ipad.png"; sourceTree = "<group>"; };
		070FCCA7158E65EB00F6DC00 /* win.png */ = {isa = PBXFileReference; lastKnownFileType = image.png; path = win.png; sourceTree = "<group>"; };
		070FCCD4158E6BDC00F6DC00 /* SPStatusBar.h */ = {isa = PBXFileReference; fileEncoding = 4; lastKnownFileType = sourcecode.c.h; name = SPStatusBar.h; path = Model/SPStatusBar.h; sourceTree = "<group>"; };
		070FCCD5158E6BDC00F6DC00 /* SPStatusBar.m */ = {isa = PBXFileReference; fileEncoding = 4; lastKnownFileType = sourcecode.c.objc; name = SPStatusBar.m; path = Model/SPStatusBar.m; sourceTree = "<group>"; };
		070FCCD7158E6EA800F6DC00 /* gauge-ipad.png */ = {isa = PBXFileReference; lastKnownFileType = image.png; path = "gauge-ipad.png"; sourceTree = "<group>"; };
		070FCCD8158E6EA800F6DC00 /* gauge.png */ = {isa = PBXFileReference; lastKnownFileType = image.png; path = gauge.png; sourceTree = "<group>"; };
		070FCCDB158E836600F6DC00 /* CCToggleSprite.h */ = {isa = PBXFileReference; fileEncoding = 4; lastKnownFileType = sourcecode.c.h; name = CCToggleSprite.h; path = Util/CCToggleSprite.h; sourceTree = "<group>"; };
		070FCCDC158E836600F6DC00 /* CCToggleSprite.m */ = {isa = PBXFileReference; fileEncoding = 4; lastKnownFileType = sourcecode.c.objc; name = CCToggleSprite.m; path = Util/CCToggleSprite.m; sourceTree = "<group>"; };
		071594491592BE30003BC47E /* SPDrawing.h */ = {isa = PBXFileReference; lastKnownFileType = sourcecode.c.h; name = SPDrawing.h; path = Model/SPDrawing.h; sourceTree = "<group>"; };
		0715944A1592BE30003BC47E /* SPDrawing.m */ = {isa = PBXFileReference; lastKnownFileType = sourcecode.c.objc; name = SPDrawing.m; path = Model/SPDrawing.m; sourceTree = "<group>"; };
		0715944B1592BE30003BC47E /* SPDrawingManager.h */ = {isa = PBXFileReference; lastKnownFileType = sourcecode.c.h; name = SPDrawingManager.h; path = Model/SPDrawingManager.h; sourceTree = "<group>"; };
		0715944C1592BE30003BC47E /* SPDrawingManager.m */ = {isa = PBXFileReference; lastKnownFileType = sourcecode.c.objc; name = SPDrawingManager.m; path = Model/SPDrawingManager.m; sourceTree = "<group>"; };
		0715944D1592BE30003BC47E /* SPPlayer.h */ = {isa = PBXFileReference; lastKnownFileType = sourcecode.c.h; name = SPPlayer.h; path = Model/SPPlayer.h; sourceTree = "<group>"; };
		0715944E1592BE30003BC47E /* SPPlayer.m */ = {isa = PBXFileReference; lastKnownFileType = sourcecode.c.objc; name = SPPlayer.m; path = Model/SPPlayer.m; sourceTree = "<group>"; };
		071594521592C0EC003BC47E /* crystal_frame-ipad.png */ = {isa = PBXFileReference; lastKnownFileType = image.png; path = "crystal_frame-ipad.png"; sourceTree = "<group>"; };
		071594531592C0EC003BC47E /* crystal_frame.png */ = {isa = PBXFileReference; lastKnownFileType = image.png; path = crystal_frame.png; sourceTree = "<group>"; };
		071594541592C0EC003BC47E /* crystal0_disable-ipad.png */ = {isa = PBXFileReference; lastKnownFileType = image.png; path = "crystal0_disable-ipad.png"; sourceTree = "<group>"; };
		071594551592C0EC003BC47E /* crystal0_disable.png */ = {isa = PBXFileReference; lastKnownFileType = image.png; path = crystal0_disable.png; sourceTree = "<group>"; };
		071594561592C0EC003BC47E /* crystal0_enable-ipad.png */ = {isa = PBXFileReference; lastKnownFileType = image.png; path = "crystal0_enable-ipad.png"; sourceTree = "<group>"; };
		071594571592C0EC003BC47E /* crystal0_enable.png */ = {isa = PBXFileReference; lastKnownFileType = image.png; path = crystal0_enable.png; sourceTree = "<group>"; };
		071594581592C0EC003BC47E /* crystal1_disable-ipad.png */ = {isa = PBXFileReference; lastKnownFileType = image.png; path = "crystal1_disable-ipad.png"; sourceTree = "<group>"; };
		071594591592C0EC003BC47E /* crystal1_disable.png */ = {isa = PBXFileReference; lastKnownFileType = image.png; path = crystal1_disable.png; sourceTree = "<group>"; };
		0715945A1592C0EC003BC47E /* crystal1_enable-ipad.png */ = {isa = PBXFileReference; lastKnownFileType = image.png; path = "crystal1_enable-ipad.png"; sourceTree = "<group>"; };
		0715945B1592C0EC003BC47E /* crystal1_enable.png */ = {isa = PBXFileReference; lastKnownFileType = image.png; path = crystal1_enable.png; sourceTree = "<group>"; };
		071594661592C559003BC47E /* background-ipad.png */ = {isa = PBXFileReference; lastKnownFileType = image.png; path = "background-ipad.png"; sourceTree = "<group>"; };
		071594671592C559003BC47E /* background.png */ = {isa = PBXFileReference; lastKnownFileType = image.png; path = background.png; sourceTree = "<group>"; };
		0715946A1592D1FD003BC47E /* SPItem.h */ = {isa = PBXFileReference; fileEncoding = 4; lastKnownFileType = sourcecode.c.h; name = SPItem.h; path = Model/SPItem.h; sourceTree = "<group>"; };
		0715946B1592D1FD003BC47E /* SPItem.m */ = {isa = PBXFileReference; fileEncoding = 4; lastKnownFileType = sourcecode.c.objc; name = SPItem.m; path = Model/SPItem.m; sourceTree = "<group>"; };
		0715947A159339C9003BC47E /* Icon-72.png */ = {isa = PBXFileReference; lastKnownFileType = image.png; path = "Icon-72.png"; sourceTree = "<group>"; };
		0715947E15934095003BC47E /* complete.caf */ = {isa = PBXFileReference; lastKnownFileType = file; path = complete.caf; sourceTree = "<group>"; };
		07185C2C159845ED00B111E9 /* item.caf */ = {isa = PBXFileReference; lastKnownFileType = file; path = item.caf; sourceTree = "<group>"; };
		074DD655157F76A000C4DCA7 /* .gitignore */ = {isa = PBXFileReference; fileEncoding = 4; lastKnownFileType = text; path = .gitignore; sourceTree = "<group>"; };
		074DD658157F76A000C4DCA7 /* KWMusicManager.h */ = {isa = PBXFileReference; fileEncoding = 4; lastKnownFileType = sourcecode.c.h; path = KWMusicManager.h; sourceTree = "<group>"; };
		074DD659157F76A000C4DCA7 /* KWMusicManager.m */ = {isa = PBXFileReference; fileEncoding = 4; lastKnownFileType = sourcecode.c.objc; path = KWMusicManager.m; sourceTree = "<group>"; };
		074DD65A157F76A000C4DCA7 /* heqet.h */ = {isa = PBXFileReference; fileEncoding = 4; lastKnownFileType = sourcecode.c.h; path = heqet.h; sourceTree = "<group>"; };
		074DD65C157F76A000C4DCA7 /* tinymt32.c */ = {isa = PBXFileReference; fileEncoding = 4; lastKnownFileType = sourcecode.c.c; path = tinymt32.c; sourceTree = "<group>"; };
		074DD65D157F76A000C4DCA7 /* tinymt32.h */ = {isa = PBXFileReference; fileEncoding = 4; lastKnownFileType = sourcecode.c.h; path = tinymt32.h; sourceTree = "<group>"; };
		074DD65F157F76A000C4DCA7 /* KWLayer.h */ = {isa = PBXFileReference; fileEncoding = 4; lastKnownFileType = sourcecode.c.h; path = KWLayer.h; sourceTree = "<group>"; };
		074DD660157F76A000C4DCA7 /* KWLayer.m */ = {isa = PBXFileReference; fileEncoding = 4; lastKnownFileType = sourcecode.c.objc; path = KWLayer.m; sourceTree = "<group>"; };
		074DD661157F76A000C4DCA7 /* KWState.h */ = {isa = PBXFileReference; fileEncoding = 4; lastKnownFileType = sourcecode.c.h; path = KWState.h; sourceTree = "<group>"; };
		074DD662157F76A000C4DCA7 /* KWState.m */ = {isa = PBXFileReference; fileEncoding = 4; lastKnownFileType = sourcecode.c.objc; path = KWState.m; sourceTree = "<group>"; };
		074DD663157F76A000C4DCA7 /* KWStateManager.h */ = {isa = PBXFileReference; fileEncoding = 4; lastKnownFileType = sourcecode.c.h; path = KWStateManager.h; sourceTree = "<group>"; };
		074DD664157F76A000C4DCA7 /* KWStateManager.m */ = {isa = PBXFileReference; fileEncoding = 4; lastKnownFileType = sourcecode.c.objc; path = KWStateManager.m; sourceTree = "<group>"; };
		074DD666157F76A000C4DCA7 /* CCSpriteExtension.h */ = {isa = PBXFileReference; fileEncoding = 4; lastKnownFileType = sourcecode.c.h; path = CCSpriteExtension.h; sourceTree = "<group>"; };
		074DD667157F76A000C4DCA7 /* CCSpriteExtension.m */ = {isa = PBXFileReference; fileEncoding = 4; lastKnownFileType = sourcecode.c.objc; path = CCSpriteExtension.m; sourceTree = "<group>"; };
		074DD668157F76A000C4DCA7 /* KWAnimation.h */ = {isa = PBXFileReference; fileEncoding = 4; lastKnownFileType = sourcecode.c.h; path = KWAnimation.h; sourceTree = "<group>"; };
		074DD669157F76A000C4DCA7 /* KWAnimation.m */ = {isa = PBXFileReference; fileEncoding = 4; lastKnownFileType = sourcecode.c.objc; path = KWAnimation.m; sourceTree = "<group>"; };
		074DD66A157F76A000C4DCA7 /* KWGauge.h */ = {isa = PBXFileReference; fileEncoding = 4; lastKnownFileType = sourcecode.c.h; path = KWGauge.h; sourceTree = "<group>"; };
		074DD66B157F76A000C4DCA7 /* KWGauge.m */ = {isa = PBXFileReference; fileEncoding = 4; lastKnownFileType = sourcecode.c.objc; path = KWGauge.m; sourceTree = "<group>"; };
		074DD66C157F76A000C4DCA7 /* KWMessageWindow.h */ = {isa = PBXFileReference; fileEncoding = 4; lastKnownFileType = sourcecode.c.h; path = KWMessageWindow.h; sourceTree = "<group>"; };
		074DD66D157F76A000C4DCA7 /* KWMessageWindow.m */ = {isa = PBXFileReference; fileEncoding = 4; lastKnownFileType = sourcecode.c.objc; path = KWMessageWindow.m; sourceTree = "<group>"; };
		074DD66E157F76A000C4DCA7 /* KWMessageWindowDelegate.h */ = {isa = PBXFileReference; fileEncoding = 4; lastKnownFileType = sourcecode.c.h; path = KWMessageWindowDelegate.h; sourceTree = "<group>"; };
		074DD66F157F76A000C4DCA7 /* KWPieChart.h */ = {isa = PBXFileReference; fileEncoding = 4; lastKnownFileType = sourcecode.c.h; path = KWPieChart.h; sourceTree = "<group>"; };
		074DD670157F76A000C4DCA7 /* KWPieChart.m */ = {isa = PBXFileReference; fileEncoding = 4; lastKnownFileType = sourcecode.c.objc; path = KWPieChart.m; sourceTree = "<group>"; };
		074DD671157F76A000C4DCA7 /* KWScrollLayer.h */ = {isa = PBXFileReference; fileEncoding = 4; lastKnownFileType = sourcecode.c.h; path = KWScrollLayer.h; sourceTree = "<group>"; };
		074DD672157F76A000C4DCA7 /* KWScrollLayer.m */ = {isa = PBXFileReference; fileEncoding = 4; lastKnownFileType = sourcecode.c.objc; path = KWScrollLayer.m; sourceTree = "<group>"; };
		074DD673157F76A000C4DCA7 /* KWShadowLabelTTF.h */ = {isa = PBXFileReference; fileEncoding = 4; lastKnownFileType = sourcecode.c.h; path = KWShadowLabelTTF.h; sourceTree = "<group>"; };
		074DD674157F76A000C4DCA7 /* KWShadowLabelTTF.m */ = {isa = PBXFileReference; fileEncoding = 4; lastKnownFileType = sourcecode.c.objc; path = KWShadowLabelTTF.m; sourceTree = "<group>"; };
		074DD675157F76A000C4DCA7 /* KWTimerLabel.h */ = {isa = PBXFileReference; fileEncoding = 4; lastKnownFileType = sourcecode.c.h; path = KWTimerLabel.h; sourceTree = "<group>"; };
		074DD676157F76A000C4DCA7 /* KWTimerLabel.m */ = {isa = PBXFileReference; fileEncoding = 4; lastKnownFileType = sourcecode.c.objc; path = KWTimerLabel.m; sourceTree = "<group>"; };
		074DD678157F76A000C4DCA7 /* KWDrawingPrimitives.h */ = {isa = PBXFileReference; fileEncoding = 4; lastKnownFileType = sourcecode.c.h; path = KWDrawingPrimitives.h; sourceTree = "<group>"; };
		074DD679157F76A000C4DCA7 /* KWDrawingPrimitives.m */ = {isa = PBXFileReference; fileEncoding = 4; lastKnownFileType = sourcecode.c.objc; path = KWDrawingPrimitives.m; sourceTree = "<group>"; };
		074DD67A157F76A000C4DCA7 /* KWRandom.h */ = {isa = PBXFileReference; fileEncoding = 4; lastKnownFileType = sourcecode.c.h; path = KWRandom.h; sourceTree = "<group>"; };
		074DD67B157F76A000C4DCA7 /* KWRandom.m */ = {isa = PBXFileReference; fileEncoding = 4; lastKnownFileType = sourcecode.c.objc; path = KWRandom.m; sourceTree = "<group>"; };
		074DD67C157F76A000C4DCA7 /* KWSingleton.h */ = {isa = PBXFileReference; fileEncoding = 4; lastKnownFileType = sourcecode.c.h; path = KWSingleton.h; sourceTree = "<group>"; };
		074DD67D157F76A000C4DCA7 /* KWSingleton.m */ = {isa = PBXFileReference; fileEncoding = 4; lastKnownFileType = sourcecode.c.objc; path = KWSingleton.m; sourceTree = "<group>"; };
		074DD67E157F76A000C4DCA7 /* KWTimer.h */ = {isa = PBXFileReference; fileEncoding = 4; lastKnownFileType = sourcecode.c.h; path = KWTimer.h; sourceTree = "<group>"; };
		074DD67F157F76A000C4DCA7 /* KWTimer.m */ = {isa = PBXFileReference; fileEncoding = 4; lastKnownFileType = sourcecode.c.objc; path = KWTimer.m; sourceTree = "<group>"; };
		074DD680157F76A000C4DCA7 /* KWUtility.h */ = {isa = PBXFileReference; fileEncoding = 4; lastKnownFileType = sourcecode.c.h; path = KWUtility.h; sourceTree = "<group>"; };
		074DD681157F76A000C4DCA7 /* KWUtility.m */ = {isa = PBXFileReference; fileEncoding = 4; lastKnownFileType = sourcecode.c.objc; path = KWUtility.m; sourceTree = "<group>"; };
		074DD682157F76A000C4DCA7 /* KWVector.h */ = {isa = PBXFileReference; fileEncoding = 4; lastKnownFileType = sourcecode.c.h; path = KWVector.h; sourceTree = "<group>"; };
		074DD683157F76A000C4DCA7 /* KWVector.m */ = {isa = PBXFileReference; fileEncoding = 4; lastKnownFileType = sourcecode.c.objc; path = KWVector.m; sourceTree = "<group>"; };
		074DD684157F76A000C4DCA7 /* NSArrayExtension.h */ = {isa = PBXFileReference; fileEncoding = 4; lastKnownFileType = sourcecode.c.h; path = NSArrayExtension.h; sourceTree = "<group>"; };
		074DD685157F76A000C4DCA7 /* NSArrayExtension.m */ = {isa = PBXFileReference; fileEncoding = 4; lastKnownFileType = sourcecode.c.objc; path = NSArrayExtension.m; sourceTree = "<group>"; };
		074DD686157F76A000C4DCA7 /* README.rst */ = {isa = PBXFileReference; fileEncoding = 4; lastKnownFileType = text; path = README.rst; sourceTree = "<group>"; };
		074DD688157F76A000C4DCA7 /* graphic_converter.py */ = {isa = PBXFileReference; fileEncoding = 4; lastKnownFileType = text.script.python; path = graphic_converter.py; sourceTree = "<group>"; };
		074DD689157F76A000C4DCA7 /* sound_converter.py */ = {isa = PBXFileReference; fileEncoding = 4; lastKnownFileType = text.script.python; path = sound_converter.py; sourceTree = "<group>"; };
		074DD6A3157F7D1300C4DCA7 /* SPMainLayer.h */ = {isa = PBXFileReference; fileEncoding = 4; lastKnownFileType = sourcecode.c.h; name = SPMainLayer.h; path = Scene/SPMainLayer.h; sourceTree = "<group>"; };
		074DD6A4157F7D1300C4DCA7 /* SPMainLayer.m */ = {isa = PBXFileReference; fileEncoding = 4; lastKnownFileType = sourcecode.c.objc; name = SPMainLayer.m; path = Scene/SPMainLayer.m; sourceTree = "<group>"; };
		07980DF71585B0E8004B230C /* CCTexture2D+DrawInPoly.h */ = {isa = PBXFileReference; fileEncoding = 4; lastKnownFileType = sourcecode.c.h; name = "CCTexture2D+DrawInPoly.h"; path = "Util/CCTexture2D+DrawInPoly.h"; sourceTree = "<group>"; };
		07980DF81585B0E8004B230C /* CCTexture2D+DrawInPoly.m */ = {isa = PBXFileReference; fileEncoding = 4; lastKnownFileType = sourcecode.c.objc; name = "CCTexture2D+DrawInPoly.m"; path = "Util/CCTexture2D+DrawInPoly.m"; sourceTree = "<group>"; };
		DC3BE97813B4FB71003739CC /* BuildSettings-iOS.xcconfig */ = {isa = PBXFileReference; lastKnownFileType = text.xcconfig; path = "BuildSettings-iOS.xcconfig"; sourceTree = "<group>"; };
		DC485B0D13AA0E5600F2BC70 /* libchipmunk-mac.a */ = {isa = PBXFileReference; explicitFileType = archive.ar; path = "libchipmunk-mac.a"; sourceTree = BUILT_PRODUCTS_DIR; };
		DC485B1613AA0EBB00F2BC70 /* libbox2d-mac.a */ = {isa = PBXFileReference; explicitFileType = archive.ar; path = "libbox2d-mac.a"; sourceTree = BUILT_PRODUCTS_DIR; };
		DC485B4513AA18A600F2BC70 /* libcocosdenshion-mac.a */ = {isa = PBXFileReference; explicitFileType = archive.ar; path = "libcocosdenshion-mac.a"; sourceTree = BUILT_PRODUCTS_DIR; };
		DC65615013A969B600A7AC53 /* libbox2d-ios.a */ = {isa = PBXFileReference; explicitFileType = archive.ar; path = "libbox2d-ios.a"; sourceTree = BUILT_PRODUCTS_DIR; };
		DC65615113A969B600A7AC53 /* libchipmunk-ios.a */ = {isa = PBXFileReference; explicitFileType = archive.ar; path = "libchipmunk-ios.a"; sourceTree = BUILT_PRODUCTS_DIR; };
		DC65615213A969B600A7AC53 /* libchipmunk-spacemanager-ios.a */ = {isa = PBXFileReference; explicitFileType = archive.ar; path = "libchipmunk-spacemanager-ios.a"; sourceTree = BUILT_PRODUCTS_DIR; };
		DC65615413A969B600A7AC53 /* libcocos2d-extensions-ios.a */ = {isa = PBXFileReference; explicitFileType = archive.ar; path = "libcocos2d-extensions-ios.a"; sourceTree = BUILT_PRODUCTS_DIR; };
		DC65615513A969B600A7AC53 /* libcocos2d-ios.a */ = {isa = PBXFileReference; explicitFileType = archive.ar; path = "libcocos2d-ios.a"; sourceTree = BUILT_PRODUCTS_DIR; };
		DC65615613A969B600A7AC53 /* libcocos3d-ios.a */ = {isa = PBXFileReference; explicitFileType = archive.ar; path = "libcocos3d-ios.a"; sourceTree = BUILT_PRODUCTS_DIR; };
		DC65615713A969B600A7AC53 /* libcocosdenshion-ios.a */ = {isa = PBXFileReference; explicitFileType = archive.ar; path = "libcocosdenshion-ios.a"; sourceTree = BUILT_PRODUCTS_DIR; };
		DC65615813A969B600A7AC53 /* libkobold2d-ios.a */ = {isa = PBXFileReference; explicitFileType = archive.ar; path = "libkobold2d-ios.a"; sourceTree = BUILT_PRODUCTS_DIR; };
		DC65615913A969B600A7AC53 /* libobjectal-ios.a */ = {isa = PBXFileReference; explicitFileType = archive.ar; path = "libobjectal-ios.a"; sourceTree = BUILT_PRODUCTS_DIR; };
		DC65615A13A969B600A7AC53 /* libsneakyinput-ios.a */ = {isa = PBXFileReference; explicitFileType = archive.ar; path = "libsneakyinput-ios.a"; sourceTree = BUILT_PRODUCTS_DIR; };
		DC979E3D13B35F8800656CB9 /* libcocos2d-extensions-mac.a */ = {isa = PBXFileReference; explicitFileType = archive.ar; path = "libcocos2d-extensions-mac.a"; sourceTree = BUILT_PRODUCTS_DIR; };
		DC979E5913B3607E00656CB9 /* libchipmunk-spacemanager-mac.a */ = {isa = PBXFileReference; explicitFileType = archive.ar; path = "libchipmunk-spacemanager-mac.a"; sourceTree = BUILT_PRODUCTS_DIR; };
		DC9C33E713B5024400931BF2 /* BuildSettings-Debug-Mac.xcconfig */ = {isa = PBXFileReference; lastKnownFileType = text.xcconfig; path = "BuildSettings-Debug-Mac.xcconfig"; sourceTree = "<group>"; };
		DC9C33E813B5024400931BF2 /* BuildSettings-Mac.xcconfig */ = {isa = PBXFileReference; lastKnownFileType = text.xcconfig; path = "BuildSettings-Mac.xcconfig"; sourceTree = "<group>"; };
		DC9C33E913B5024400931BF2 /* BuildSettings-Release-Mac.xcconfig */ = {isa = PBXFileReference; lastKnownFileType = text.xcconfig; path = "BuildSettings-Release-Mac.xcconfig"; sourceTree = "<group>"; };
		DCC1A0E313A94ED5005BD75D /* Spring-iOS.app */ = {isa = PBXFileReference; explicitFileType = wrapper.application; includeInIndex = 0; path = "Spring-iOS.app"; sourceTree = BUILT_PRODUCTS_DIR; };
		DCC1A0F913A94ED5005BD75D /* Default.png */ = {isa = PBXFileReference; lastKnownFileType = image.png; name = Default.png; path = Resources/Default.png; sourceTree = "<group>"; };
		DCC1A0FB13A94ED5005BD75D /* fps_images.png */ = {isa = PBXFileReference; lastKnownFileType = image.png; name = fps_images.png; path = Resources/fps_images.png; sourceTree = "<group>"; };
		DCC1A0FD13A94ED5005BD75D /* Icon-72.png */ = {isa = PBXFileReference; lastKnownFileType = image.png; name = "Icon-72.png"; path = "Resources/Icon-72.png"; sourceTree = "<group>"; };
		DCC1A0FF13A94ED5005BD75D /* Icon-Small-50.png */ = {isa = PBXFileReference; lastKnownFileType = image.png; name = "Icon-Small-50.png"; path = "Resources/Icon-Small-50.png"; sourceTree = "<group>"; };
		DCC1A10113A94ED5005BD75D /* Icon-Small.png */ = {isa = PBXFileReference; lastKnownFileType = image.png; name = "Icon-Small.png"; path = "Resources/Icon-Small.png"; sourceTree = "<group>"; };
		DCC1A10313A94ED5005BD75D /* Icon-Small@2x.png */ = {isa = PBXFileReference; lastKnownFileType = image.png; name = "Icon-Small@2x.png"; path = "Resources/Icon-Small@2x.png"; sourceTree = "<group>"; };
		DCC1A10513A94ED5005BD75D /* Icon.png */ = {isa = PBXFileReference; lastKnownFileType = image.png; name = Icon.png; path = Resources/Icon.png; sourceTree = "<group>"; };
		DCC1A10713A94ED5005BD75D /* Icon@2x.png */ = {isa = PBXFileReference; lastKnownFileType = image.png; name = "Icon@2x.png"; path = "Resources/Icon@2x.png"; sourceTree = "<group>"; };
		DCC1A10913A94ED5005BD75D /* Info.plist */ = {isa = PBXFileReference; lastKnownFileType = text.plist.xml; name = Info.plist; path = Resources/Info.plist; sourceTree = "<group>"; };
		DCC1A10A13A94ED5005BD75D /* iTunesArtwork */ = {isa = PBXFileReference; lastKnownFileType = file; name = iTunesArtwork; path = Resources/iTunesArtwork; sourceTree = "<group>"; };
		DCC1A25A13A94EE6005BD75D /* Spring-Mac.app */ = {isa = PBXFileReference; explicitFileType = wrapper.application; includeInIndex = 0; path = "Spring-Mac.app"; sourceTree = BUILT_PRODUCTS_DIR; };
		DCC1A38D13A94F1A005BD75D /* AppDelegate.h */ = {isa = PBXFileReference; fileEncoding = 4; lastKnownFileType = sourcecode.c.h; path = AppDelegate.h; sourceTree = "<group>"; };
		DCC1A38E13A94F1A005BD75D /* AppDelegate.m */ = {isa = PBXFileReference; fileEncoding = 4; lastKnownFileType = sourcecode.c.objc; path = AppDelegate.m; sourceTree = "<group>"; };
		DCC1A39113A94F1A005BD75D /* main.m */ = {isa = PBXFileReference; fileEncoding = 4; lastKnownFileType = sourcecode.c.objc; path = main.m; sourceTree = "<group>"; };
		DCC1A39213A94F1A005BD75D /* Prefix-iOS.pch */ = {isa = PBXFileReference; fileEncoding = 4; lastKnownFileType = sourcecode.c.h; path = "Prefix-iOS.pch"; sourceTree = "<group>"; };
		DCC1A39313A94F1A005BD75D /* Prefix-Mac.pch */ = {isa = PBXFileReference; fileEncoding = 4; lastKnownFileType = sourcecode.c.h; path = "Prefix-Mac.pch"; sourceTree = "<group>"; };
		DCC1A39513A94F1A005BD75D /* config.lua */ = {isa = PBXFileReference; explicitFileType = sourcecode.applescript; fileEncoding = 4; path = config.lua; sourceTree = "<group>"; };
		DCF95CC913A97EC500AE3B80 /* libcocos2d-mac.a */ = {isa = PBXFileReference; explicitFileType = archive.ar; path = "libcocos2d-mac.a"; sourceTree = BUILT_PRODUCTS_DIR; };
		DCF95CCB13A97EC500AE3B80 /* libkobold2d-mac.a */ = {isa = PBXFileReference; explicitFileType = archive.ar; path = "libkobold2d-mac.a"; sourceTree = BUILT_PRODUCTS_DIR; };
		DCFA90EF13B4F6F7009DD35A /* BuildSettings-Debug-iOS.xcconfig */ = {isa = PBXFileReference; lastKnownFileType = text.xcconfig; path = "BuildSettings-Debug-iOS.xcconfig"; sourceTree = "<group>"; };
		DCFA90F013B4F811009DD35A /* BuildSettings-Release-iOS.xcconfig */ = {isa = PBXFileReference; lastKnownFileType = text.xcconfig; path = "BuildSettings-Release-iOS.xcconfig"; sourceTree = "<group>"; };
/* End PBXFileReference section */

/* Begin PBXFrameworksBuildPhase section */
		DCC1A0E013A94ED5005BD75D /* Frameworks */ = {
			isa = PBXFrameworksBuildPhase;
			buildActionMask = 2147483647;
			files = (
				DC65615C13A969B600A7AC53 /* libbox2d-ios.a in Frameworks */,
				DC65615D13A969B600A7AC53 /* libchipmunk-ios.a in Frameworks */,
				DC65615E13A969B600A7AC53 /* libchipmunk-spacemanager-ios.a in Frameworks */,
				DC65616013A969B600A7AC53 /* libcocos2d-extensions-ios.a in Frameworks */,
				DC65616113A969B600A7AC53 /* libcocos2d-ios.a in Frameworks */,
				DC65616213A969B600A7AC53 /* libcocos3d-ios.a in Frameworks */,
				DC65616313A969B600A7AC53 /* libcocosdenshion-ios.a in Frameworks */,
				DC65616413A969B600A7AC53 /* libkobold2d-ios.a in Frameworks */,
				DC65616513A969B600A7AC53 /* libobjectal-ios.a in Frameworks */,
				DC65616613A969B600A7AC53 /* libsneakyinput-ios.a in Frameworks */,
			);
			runOnlyForDeploymentPostprocessing = 0;
		};
		DCC1A25713A94EE6005BD75D /* Frameworks */ = {
			isa = PBXFrameworksBuildPhase;
			buildActionMask = 2147483647;
			files = (
				DC979E5A13B3607E00656CB9 /* libchipmunk-spacemanager-mac.a in Frameworks */,
				DC979E3E13B35F8800656CB9 /* libcocos2d-extensions-mac.a in Frameworks */,
				DC485B4613AA18A600F2BC70 /* libcocosdenshion-mac.a in Frameworks */,
				DC485B1713AA0EBB00F2BC70 /* libbox2d-mac.a in Frameworks */,
				DC485B1113AA0E5600F2BC70 /* libchipmunk-mac.a in Frameworks */,
				DCF95CD213A97EC500AE3B80 /* libcocos2d-mac.a in Frameworks */,
				DCF95CD413A97EC500AE3B80 /* libkobold2d-mac.a in Frameworks */,
			);
			runOnlyForDeploymentPostprocessing = 0;
		};
/* End PBXFrameworksBuildPhase section */

/* Begin PBXGroup section */
		070C251B159932A800F0F042 /* Music */ = {
			isa = PBXGroup;
			children = (
				070C251C159932A800F0F042 /* main.caf */,
			);
			path = Music;
			sourceTree = "<group>";
		};
		070FCC78158E65EB00F6DC00 /* Image */ = {
			isa = PBXGroup;
			children = (
				070FCC79158E65EB00F6DC00 /* brush */,
				070FCC80158E65EB00F6DC00 /* item */,
				070FCC8B158E65EB00F6DC00 /* UI */,
			);
			path = Image;
			sourceTree = "<group>";
		};
		070FCC79158E65EB00F6DC00 /* brush */ = {
			isa = PBXGroup;
			children = (
				070FCC7A158E65EB00F6DC00 /* brush-ipad.png */,
				070FCC7B158E65EB00F6DC00 /* brush.png */,
				070FCC7C158E65EB00F6DC00 /* paint0-ipad.png */,
				070FCC7D158E65EB00F6DC00 /* paint0.png */,
				070FCC7E158E65EB00F6DC00 /* paint1-ipad.png */,
				070FCC7F158E65EB00F6DC00 /* paint1.png */,
			);
			path = brush;
			sourceTree = "<group>";
		};
		070FCC80158E65EB00F6DC00 /* item */ = {
			isa = PBXGroup;
			children = (
				070FCC81158E65EB00F6DC00 /* item_accel-ipad.png */,
				070FCC82158E65EB00F6DC00 /* item_accel.png */,
				070FCC83158E65EB00F6DC00 /* item_blind-ipad.png */,
				070FCC84158E65EB00F6DC00 /* item_blind.png */,
				070FCC85158E65EB00F6DC00 /* item_brake-ipad.png */,
				070FCC86158E65EB00F6DC00 /* item_brake.png */,
				070FCC87158E65EB00F6DC00 /* item_paint-ipad.png */,
				070FCC88158E65EB00F6DC00 /* item_paint.png */,
				070FCC89158E65EB00F6DC00 /* item_snatch-ipad.png */,
				070FCC8A158E65EB00F6DC00 /* item_snatch.png */,
			);
			path = item;
			sourceTree = "<group>";
		};
		070FCC8B158E65EB00F6DC00 /* UI */ = {
			isa = PBXGroup;
			children = (
				071594521592C0EC003BC47E /* crystal_frame-ipad.png */,
				071594531592C0EC003BC47E /* crystal_frame.png */,
				071594541592C0EC003BC47E /* crystal0_disable-ipad.png */,
				071594551592C0EC003BC47E /* crystal0_disable.png */,
				071594561592C0EC003BC47E /* crystal0_enable-ipad.png */,
				071594571592C0EC003BC47E /* crystal0_enable.png */,
				071594581592C0EC003BC47E /* crystal1_disable-ipad.png */,
				071594591592C0EC003BC47E /* crystal1_disable.png */,
				0715945A1592C0EC003BC47E /* crystal1_enable-ipad.png */,
				0715945B1592C0EC003BC47E /* crystal1_enable.png */,
				070C250C1592A41500F0F042 /* draw-ipad.png */,
				070C250D1592A41500F0F042 /* draw.png */,
				070C24DB1592A13C00F0F042 /* chain-ipad.png */,
				070C24DC1592A13C00F0F042 /* chain.png */,
				070C24DD1592A13C00F0F042 /* gameset-ipad.png */,
				070C24DE1592A13C00F0F042 /* gameset.png */,
				070C24DF1592A13C00F0F042 /* go-ipad.png */,
				070C24E01592A13C00F0F042 /* go.png */,
				070C24E11592A13C00F0F042 /* no_disable-ipad.png */,
				070C24E21592A13C00F0F042 /* no_disable.png */,
				070C24E31592A13C00F0F042 /* no-ipad.png */,
				070C24E41592A13C00F0F042 /* no.png */,
				070C24E51592A13C00F0F042 /* ready-ipad.png */,
				070C24E61592A13C00F0F042 /* ready.png */,
				070C24E71592A13C00F0F042 /* restart_selected-ipad.png */,
				070C24E81592A13C00F0F042 /* restart_selected.png */,
				070C24E91592A13C00F0F042 /* restart-ipad.png */,
				070C24EA1592A13C00F0F042 /* restart.png */,
				070C24EB1592A13C00F0F042 /* title_selected-ipad.png */,
				070C24EC1592A13C00F0F042 /* title_selected.png */,
				070C24ED1592A13C00F0F042 /* title-ipad.png */,
				070C24EE1592A13C00F0F042 /* title.png */,
				070C24EF1592A13C00F0F042 /* yes_disable-ipad.png */,
				070C24F01592A13C00F0F042 /* yes_disable.png */,
				070C24F11592A13C00F0F042 /* yes-ipad.png */,
				070C24F21592A13C00F0F042 /* yes.png */,
				070FCCD7158E6EA800F6DC00 /* gauge-ipad.png */,
				070FCCD8158E6EA800F6DC00 /* gauge.png */,
				070FCC96158E65EB00F6DC00 /* lose-ipad.png */,
				070FCC97158E65EB00F6DC00 /* lose.png */,
				071594661592C559003BC47E /* background-ipad.png */,
				071594671592C559003BC47E /* background.png */,
				070FCC98158E65EB00F6DC00 /* player0-ipad.png */,
				070FCC99158E65EB00F6DC00 /* player0.png */,
				070FCC9A158E65EB00F6DC00 /* player1-ipad.png */,
				070FCC9B158E65EB00F6DC00 /* player1.png */,
				070FCC9C158E65EB00F6DC00 /* status-ipad.png */,
				070FCC9D158E65EB00F6DC00 /* status.png */,
				070FCC9E158E65EB00F6DC00 /* win0_disable-ipad.png */,
				070FCC9F158E65EB00F6DC00 /* win0_disable.png */,
				070FCCA0158E65EB00F6DC00 /* win0_enable-ipad.png */,
				070FCCA1158E65EB00F6DC00 /* win0_enable.png */,
				070FCCA2158E65EB00F6DC00 /* win1_disable-ipad.png */,
				070FCCA3158E65EB00F6DC00 /* win1_disable.png */,
				070FCCA4158E65EB00F6DC00 /* win1_enable-ipad.png */,
				070FCCA5158E65EB00F6DC00 /* win1_enable.png */,
				070FCCA6158E65EB00F6DC00 /* win-ipad.png */,
				070FCCA7158E65EB00F6DC00 /* win.png */,
			);
			path = UI;
			sourceTree = "<group>";
		};
		0715947D15934095003BC47E /* SE */ = {
			isa = PBXGroup;
			children = (
				0715947E15934095003BC47E /* complete.caf */,
				07185C2C159845ED00B111E9 /* item.caf */,
				070C251E1599361300F0F042 /* break.caf */,
				070C251F1599361300F0F042 /* slash.caf */,
			);
			name = SE;
			path = Projectfiles/Resources/SE;
			sourceTree = SOURCE_ROOT;
		};
		074DD654157F76A000C4DCA7 /* Heqet */ = {
			isa = PBXGroup;
			children = (
				074DD655157F76A000C4DCA7 /* .gitignore */,
				074DD656157F76A000C4DCA7 /* Heqet */,
				074DD686157F76A000C4DCA7 /* README.rst */,
				074DD687157F76A000C4DCA7 /* util */,
			);
			path = Heqet;
			sourceTree = "<group>";
		};
		074DD656157F76A000C4DCA7 /* Heqet */ = {
			isa = PBXGroup;
			children = (
				074DD657157F76A000C4DCA7 /* audio */,
				074DD65A157F76A000C4DCA7 /* heqet.h */,
				074DD65B157F76A000C4DCA7 /* libs */,
				074DD65E157F76A000C4DCA7 /* scene */,
				074DD665157F76A000C4DCA7 /* sprite */,
				074DD677157F76A000C4DCA7 /* util */,
			);
			path = Heqet;
			sourceTree = "<group>";
		};
		074DD657157F76A000C4DCA7 /* audio */ = {
			isa = PBXGroup;
			children = (
				074DD658157F76A000C4DCA7 /* KWMusicManager.h */,
				074DD659157F76A000C4DCA7 /* KWMusicManager.m */,
			);
			path = audio;
			sourceTree = "<group>";
		};
		074DD65B157F76A000C4DCA7 /* libs */ = {
			isa = PBXGroup;
			children = (
				074DD65C157F76A000C4DCA7 /* tinymt32.c */,
				074DD65D157F76A000C4DCA7 /* tinymt32.h */,
			);
			path = libs;
			sourceTree = "<group>";
		};
		074DD65E157F76A000C4DCA7 /* scene */ = {
			isa = PBXGroup;
			children = (
				074DD65F157F76A000C4DCA7 /* KWLayer.h */,
				074DD660157F76A000C4DCA7 /* KWLayer.m */,
				074DD661157F76A000C4DCA7 /* KWState.h */,
				074DD662157F76A000C4DCA7 /* KWState.m */,
				074DD663157F76A000C4DCA7 /* KWStateManager.h */,
				074DD664157F76A000C4DCA7 /* KWStateManager.m */,
			);
			path = scene;
			sourceTree = "<group>";
		};
		074DD665157F76A000C4DCA7 /* sprite */ = {
			isa = PBXGroup;
			children = (
				074DD666157F76A000C4DCA7 /* CCSpriteExtension.h */,
				074DD667157F76A000C4DCA7 /* CCSpriteExtension.m */,
				074DD668157F76A000C4DCA7 /* KWAnimation.h */,
				074DD669157F76A000C4DCA7 /* KWAnimation.m */,
				074DD66A157F76A000C4DCA7 /* KWGauge.h */,
				074DD66B157F76A000C4DCA7 /* KWGauge.m */,
				074DD66C157F76A000C4DCA7 /* KWMessageWindow.h */,
				074DD66D157F76A000C4DCA7 /* KWMessageWindow.m */,
				074DD66E157F76A000C4DCA7 /* KWMessageWindowDelegate.h */,
				074DD66F157F76A000C4DCA7 /* KWPieChart.h */,
				074DD670157F76A000C4DCA7 /* KWPieChart.m */,
				074DD671157F76A000C4DCA7 /* KWScrollLayer.h */,
				074DD672157F76A000C4DCA7 /* KWScrollLayer.m */,
				074DD673157F76A000C4DCA7 /* KWShadowLabelTTF.h */,
				074DD674157F76A000C4DCA7 /* KWShadowLabelTTF.m */,
				074DD675157F76A000C4DCA7 /* KWTimerLabel.h */,
				074DD676157F76A000C4DCA7 /* KWTimerLabel.m */,
			);
			path = sprite;
			sourceTree = "<group>";
		};
		074DD677157F76A000C4DCA7 /* util */ = {
			isa = PBXGroup;
			children = (
				074DD678157F76A000C4DCA7 /* KWDrawingPrimitives.h */,
				074DD679157F76A000C4DCA7 /* KWDrawingPrimitives.m */,
				074DD67A157F76A000C4DCA7 /* KWRandom.h */,
				074DD67B157F76A000C4DCA7 /* KWRandom.m */,
				074DD67C157F76A000C4DCA7 /* KWSingleton.h */,
				074DD67D157F76A000C4DCA7 /* KWSingleton.m */,
				074DD67E157F76A000C4DCA7 /* KWTimer.h */,
				074DD67F157F76A000C4DCA7 /* KWTimer.m */,
				074DD680157F76A000C4DCA7 /* KWUtility.h */,
				074DD681157F76A000C4DCA7 /* KWUtility.m */,
				074DD682157F76A000C4DCA7 /* KWVector.h */,
				074DD683157F76A000C4DCA7 /* KWVector.m */,
				074DD684157F76A000C4DCA7 /* NSArrayExtension.h */,
				074DD685157F76A000C4DCA7 /* NSArrayExtension.m */,
			);
			path = util;
			sourceTree = "<group>";
		};
		074DD687157F76A000C4DCA7 /* util */ = {
			isa = PBXGroup;
			children = (
				074DD688157F76A000C4DCA7 /* graphic_converter.py */,
				074DD689157F76A000C4DCA7 /* sound_converter.py */,
			);
			path = util;
			sourceTree = "<group>";
		};
		074DD6A6157F7D1B00C4DCA7 /* Scene */ = {
			isa = PBXGroup;
			children = (
				074DD6A3157F7D1300C4DCA7 /* SPMainLayer.h */,
				074DD6A4157F7D1300C4DCA7 /* SPMainLayer.m */,
			);
			name = Scene;
			sourceTree = "<group>";
		};
		074DD6B4157FA43300C4DCA7 /* Model */ = {
			isa = PBXGroup;
			children = (
				071594491592BE30003BC47E /* SPDrawing.h */,
				0715944A1592BE30003BC47E /* SPDrawing.m */,
				0715944B1592BE30003BC47E /* SPDrawingManager.h */,
				0715944C1592BE30003BC47E /* SPDrawingManager.m */,
				0715944D1592BE30003BC47E /* SPPlayer.h */,
				0715944E1592BE30003BC47E /* SPPlayer.m */,
				070FCCD4158E6BDC00F6DC00 /* SPStatusBar.h */,
				070FCCD5158E6BDC00F6DC00 /* SPStatusBar.m */,
				0715946A1592D1FD003BC47E /* SPItem.h */,
				0715946B1592D1FD003BC47E /* SPItem.m */,
			);
			name = Model;
			sourceTree = "<group>";
		};
		07980DF61585B0B9004B230C /* Util */ = {
			isa = PBXGroup;
			children = (
				07980DF71585B0E8004B230C /* CCTexture2D+DrawInPoly.h */,
				07980DF81585B0E8004B230C /* CCTexture2D+DrawInPoly.m */,
				070FCCDB158E836600F6DC00 /* CCToggleSprite.h */,
				070FCCDC158E836600F6DC00 /* CCToggleSprite.m */,
			);
			name = Util;
			sourceTree = "<group>";
		};
		DCC1A0D613A94EC0005BD75D = {
			isa = PBXGroup;
			children = (
				0715947A159339C9003BC47E /* Icon-72.png */,
				DCC1A38C13A94F1A005BD75D /* Projectfiles */,
				DCC1A0F713A94ED5005BD75D /* Projectfiles-iOS */,
				DCFA90ED13B4F6A0009DD35A /* BuildSettings */,
				DCC1A0E613A94ED5005BD75D /* Frameworks */,
				DCC1A0E413A94ED5005BD75D /* Products */,
			);
			sourceTree = "<group>";
		};
		DCC1A0E413A94ED5005BD75D /* Products */ = {
			isa = PBXGroup;
			children = (
				DCC1A0E313A94ED5005BD75D /* Spring-iOS.app */,
				DCC1A25A13A94EE6005BD75D /* Spring-Mac.app */,
			);
			name = Products;
			sourceTree = "<group>";
		};
		DCC1A0E613A94ED5005BD75D /* Frameworks */ = {
			isa = PBXGroup;
			children = (
				074DD654157F76A000C4DCA7 /* Heqet */,
			);
			name = Frameworks;
			sourceTree = "<group>";
		};
		DCC1A0F713A94ED5005BD75D /* Projectfiles-iOS */ = {
			isa = PBXGroup;
			children = (
				DCC1A0F813A94ED5005BD75D /* Resources */,
			);
			path = "Projectfiles-iOS";
			sourceTree = "<group>";
		};
		DCC1A0F813A94ED5005BD75D /* Resources */ = {
			isa = PBXGroup;
			children = (
				DCC1A0F913A94ED5005BD75D /* Default.png */,
				DCC1A0FB13A94ED5005BD75D /* fps_images.png */,
				DCC1A0FD13A94ED5005BD75D /* Icon-72.png */,
				DCC1A0FF13A94ED5005BD75D /* Icon-Small-50.png */,
				DCC1A10113A94ED5005BD75D /* Icon-Small.png */,
				DCC1A10313A94ED5005BD75D /* Icon-Small@2x.png */,
				DCC1A10513A94ED5005BD75D /* Icon.png */,
				DCC1A10713A94ED5005BD75D /* Icon@2x.png */,
				DCC1A10913A94ED5005BD75D /* Info.plist */,
				DCC1A10A13A94ED5005BD75D /* iTunesArtwork */,
			);
			name = Resources;
			sourceTree = "<group>";
		};
		DCC1A38C13A94F1A005BD75D /* Projectfiles */ = {
			isa = PBXGroup;
			children = (
				07980DF61585B0B9004B230C /* Util */,
				DCC1A38D13A94F1A005BD75D /* AppDelegate.h */,
				DCC1A38E13A94F1A005BD75D /* AppDelegate.m */,
				DCC1A39413A94F1A005BD75D /* Resources */,
				DCC1A3CF13A94F2C005BD75D /* Supporting Files */,
				074DD6B4157FA43300C4DCA7 /* Model */,
				074DD6A6157F7D1B00C4DCA7 /* Scene */,
				070FCC1C158E08AD00F6DC00 /* define.h */,
			);
			path = Projectfiles;
			sourceTree = "<group>";
		};
		DCC1A39413A94F1A005BD75D /* Resources */ = {
			isa = PBXGroup;
			children = (
				070C251B159932A800F0F042 /* Music */,
				0715947D15934095003BC47E /* SE */,
				070FCC78158E65EB00F6DC00 /* Image */,
				DCC1A39513A94F1A005BD75D /* config.lua */,
			);
			path = Resources;
			sourceTree = "<group>";
		};
		DCC1A3CF13A94F2C005BD75D /* Supporting Files */ = {
			isa = PBXGroup;
			children = (
				DCC1A39113A94F1A005BD75D /* main.m */,
				DCC1A39213A94F1A005BD75D /* Prefix-iOS.pch */,
				DCC1A39313A94F1A005BD75D /* Prefix-Mac.pch */,
			);
			name = "Supporting Files";
			sourceTree = "<group>";
		};
		DCFA90ED13B4F6A0009DD35A /* BuildSettings */ = {
			isa = PBXGroup;
			children = (
				DCFA90EF13B4F6F7009DD35A /* BuildSettings-Debug-iOS.xcconfig */,
				DCFA90F013B4F811009DD35A /* BuildSettings-Release-iOS.xcconfig */,
				DC3BE97813B4FB71003739CC /* BuildSettings-iOS.xcconfig */,
				DC9C33E713B5024400931BF2 /* BuildSettings-Debug-Mac.xcconfig */,
				DC9C33E913B5024400931BF2 /* BuildSettings-Release-Mac.xcconfig */,
				DC9C33E813B5024400931BF2 /* BuildSettings-Mac.xcconfig */,
			);
			path = BuildSettings;
			sourceTree = "<group>";
		};
/* End PBXGroup section */

/* Begin PBXNativeTarget section */
		DCC1A0E213A94ED5005BD75D /* Spring-iOS */ = {
			isa = PBXNativeTarget;
			buildConfigurationList = DCC1A25313A94ED7005BD75D /* Build configuration list for PBXNativeTarget "Spring-iOS" */;
			buildPhases = (
				DCC1A0DF13A94ED5005BD75D /* Sources */,
				DCC1A0E013A94ED5005BD75D /* Frameworks */,
				DCC1A0E113A94ED5005BD75D /* Resources */,
			);
			buildRules = (
			);
			dependencies = (
			);
			name = "Spring-iOS";
			productName = "Hello-World-iOS";
			productReference = DCC1A0E313A94ED5005BD75D /* Spring-iOS.app */;
			productType = "com.apple.product-type.application";
		};
		DCC1A25913A94EE6005BD75D /* Spring-Mac */ = {
			isa = PBXNativeTarget;
			buildConfigurationList = DCC1A38913A94EE7005BD75D /* Build configuration list for PBXNativeTarget "Spring-Mac" */;
			buildPhases = (
				DCC1A25613A94EE6005BD75D /* Sources */,
				DCC1A25713A94EE6005BD75D /* Frameworks */,
				DCC1A25813A94EE6005BD75D /* Resources */,
			);
			buildRules = (
			);
			dependencies = (
			);
			name = "Spring-Mac";
			productName = "Hello-World-Mac";
			productReference = DCC1A25A13A94EE6005BD75D /* Spring-Mac.app */;
			productType = "com.apple.product-type.application";
		};
/* End PBXNativeTarget section */

/* Begin PBXProject section */
		DCC1A0D813A94EC0005BD75D /* Project object */ = {
			isa = PBXProject;
			attributes = {
				LastUpgradeCheck = 0430;
			};
			buildConfigurationList = DCC1A0DB13A94EC0005BD75D /* Build configuration list for PBXProject "Spring" */;
			compatibilityVersion = "Xcode 3.2";
			developmentRegion = English;
			hasScannedForEncodings = 0;
			knownRegions = (
				en,
				English,
			);
			mainGroup = DCC1A0D613A94EC0005BD75D;
			productRefGroup = DCC1A0E413A94ED5005BD75D /* Products */;
			projectDirPath = "";
			projectRoot = "";
			targets = (
				DCC1A0E213A94ED5005BD75D /* Spring-iOS */,
				DCC1A25913A94EE6005BD75D /* Spring-Mac */,
			);
		};
/* End PBXProject section */

/* Begin PBXResourcesBuildPhase section */
		DCC1A0E113A94ED5005BD75D /* Resources */ = {
			isa = PBXResourcesBuildPhase;
			buildActionMask = 2147483647;
			files = (
				070C25201599367900F0F042 /* break.caf in Resources */,
				070C25211599367900F0F042 /* slash.caf in Resources */,
				07185C2E1598462500B111E9 /* item.caf in Resources */,
				DCC1A0FA13A94ED5005BD75D /* Default.png in Resources */,
				DCC1A0FC13A94ED5005BD75D /* fps_images.png in Resources */,
				DCC1A0FE13A94ED5005BD75D /* Icon-72.png in Resources */,
				DCC1A10013A94ED5005BD75D /* Icon-Small-50.png in Resources */,
				DCC1A10213A94ED5005BD75D /* Icon-Small.png in Resources */,
				DCC1A10413A94ED5005BD75D /* Icon-Small@2x.png in Resources */,
				DCC1A10613A94ED5005BD75D /* Icon.png in Resources */,
				DCC1A10813A94ED5005BD75D /* Icon@2x.png in Resources */,
				DCC1A10B13A94ED5005BD75D /* iTunesArtwork in Resources */,
				DCC1A3AF13A94F1A005BD75D /* config.lua in Resources */,
				074DD68A157F76A000C4DCA7 /* .gitignore in Resources */,
				074DD69F157F76A000C4DCA7 /* README.rst in Resources */,
				074DD6A0157F76A000C4DCA7 /* graphic_converter.py in Resources */,
				074DD6A1157F76A000C4DCA7 /* sound_converter.py in Resources */,
				070FCCA8158E65EB00F6DC00 /* brush-ipad.png in Resources */,
				070FCCA9158E65EB00F6DC00 /* brush.png in Resources */,
				070FCCAA158E65EB00F6DC00 /* paint0-ipad.png in Resources */,
				070FCCAB158E65EB00F6DC00 /* paint0.png in Resources */,
				070FCCAC158E65EB00F6DC00 /* paint1-ipad.png in Resources */,
				070FCCAD158E65EB00F6DC00 /* paint1.png in Resources */,
				070FCCAE158E65EB00F6DC00 /* item_accel-ipad.png in Resources */,
				070FCCAF158E65EB00F6DC00 /* item_accel.png in Resources */,
				070FCCB0158E65EB00F6DC00 /* item_blind-ipad.png in Resources */,
				070FCCB1158E65EB00F6DC00 /* item_blind.png in Resources */,
				070FCCB2158E65EB00F6DC00 /* item_brake-ipad.png in Resources */,
				070FCCB3158E65EB00F6DC00 /* item_brake.png in Resources */,
				070FCCB4158E65EB00F6DC00 /* item_paint-ipad.png in Resources */,
				070FCCB5158E65EB00F6DC00 /* item_paint.png in Resources */,
				070FCCB6158E65EB00F6DC00 /* item_snatch-ipad.png in Resources */,
				070FCCB7158E65EB00F6DC00 /* item_snatch.png in Resources */,
				070FCCC2158E65EB00F6DC00 /* lose-ipad.png in Resources */,
				070FCCC3158E65EB00F6DC00 /* lose.png in Resources */,
				070FCCC4158E65EB00F6DC00 /* player0-ipad.png in Resources */,
				070FCCC5158E65EB00F6DC00 /* player0.png in Resources */,
				070FCCC6158E65EB00F6DC00 /* player1-ipad.png in Resources */,
				070FCCC7158E65EB00F6DC00 /* player1.png in Resources */,
				070FCCC8158E65EB00F6DC00 /* status-ipad.png in Resources */,
				070FCCC9158E65EB00F6DC00 /* status.png in Resources */,
				070FCCCA158E65EB00F6DC00 /* win0_disable-ipad.png in Resources */,
				070FCCCB158E65EB00F6DC00 /* win0_disable.png in Resources */,
				070FCCCC158E65EB00F6DC00 /* win0_enable-ipad.png in Resources */,
				070FCCCD158E65EB00F6DC00 /* win0_enable.png in Resources */,
				070FCCCE158E65EB00F6DC00 /* win1_disable-ipad.png in Resources */,
				070FCCCF158E65EB00F6DC00 /* win1_disable.png in Resources */,
				070FCCD0158E65EB00F6DC00 /* win1_enable-ipad.png in Resources */,
				070FCCD1158E65EB00F6DC00 /* win1_enable.png in Resources */,
				070FCCD2158E65EB00F6DC00 /* win-ipad.png in Resources */,
				070FCCD3158E65EB00F6DC00 /* win.png in Resources */,
				070FCCD9158E6EA800F6DC00 /* gauge-ipad.png in Resources */,
				070FCCDA158E6EA800F6DC00 /* gauge.png in Resources */,
				070C24F31592A13C00F0F042 /* chain-ipad.png in Resources */,
				070C24F41592A13C00F0F042 /* chain.png in Resources */,
				070C24F51592A13C00F0F042 /* gameset-ipad.png in Resources */,
				070C24F61592A13C00F0F042 /* gameset.png in Resources */,
				070C24F71592A13C00F0F042 /* go-ipad.png in Resources */,
				070C24F81592A13C00F0F042 /* go.png in Resources */,
				070C24F91592A13C00F0F042 /* no_disable-ipad.png in Resources */,
				070C24FA1592A13C00F0F042 /* no_disable.png in Resources */,
				070C24FB1592A13C00F0F042 /* no-ipad.png in Resources */,
				070C24FC1592A13C00F0F042 /* no.png in Resources */,
				070C24FD1592A13C00F0F042 /* ready-ipad.png in Resources */,
				070C24FE1592A13C00F0F042 /* ready.png in Resources */,
				070C24FF1592A13C00F0F042 /* restart_selected-ipad.png in Resources */,
				070C25001592A13C00F0F042 /* restart_selected.png in Resources */,
				070C25011592A13C00F0F042 /* restart-ipad.png in Resources */,
				070C25021592A13C00F0F042 /* restart.png in Resources */,
				070C25031592A13C00F0F042 /* title_selected-ipad.png in Resources */,
				070C25041592A13C00F0F042 /* title_selected.png in Resources */,
				070C25051592A13C00F0F042 /* title-ipad.png in Resources */,
				070C25061592A13C00F0F042 /* title.png in Resources */,
				070C25071592A13C00F0F042 /* yes_disable-ipad.png in Resources */,
				070C25081592A13C00F0F042 /* yes_disable.png in Resources */,
				070C25091592A13C00F0F042 /* yes-ipad.png in Resources */,
				070C250A1592A13C00F0F042 /* yes.png in Resources */,
				070C250E1592A41500F0F042 /* draw-ipad.png in Resources */,
				070C250F1592A41500F0F042 /* draw.png in Resources */,
				0715945C1592C0EC003BC47E /* crystal_frame-ipad.png in Resources */,
				0715945D1592C0EC003BC47E /* crystal_frame.png in Resources */,
				0715945E1592C0EC003BC47E /* crystal0_disable-ipad.png in Resources */,
				0715945F1592C0EC003BC47E /* crystal0_disable.png in Resources */,
				071594601592C0EC003BC47E /* crystal0_enable-ipad.png in Resources */,
				071594611592C0EC003BC47E /* crystal0_enable.png in Resources */,
				071594621592C0EC003BC47E /* crystal1_disable-ipad.png in Resources */,
				071594631592C0EC003BC47E /* crystal1_disable.png in Resources */,
				071594641592C0EC003BC47E /* crystal1_enable-ipad.png in Resources */,
				071594651592C0EC003BC47E /* crystal1_enable.png in Resources */,
				071594681592C559003BC47E /* background-ipad.png in Resources */,
				071594691592C559003BC47E /* background.png in Resources */,
				0715947B159339C9003BC47E /* Icon-72.png in Resources */,
				0715947F15934095003BC47E /* complete.caf in Resources */,
				070C251D159932A800F0F042 /* main.caf in Resources */,
			);
			runOnlyForDeploymentPostprocessing = 0;
		};
		DCC1A25813A94EE6005BD75D /* Resources */ = {
			isa = PBXResourcesBuildPhase;
			buildActionMask = 2147483647;
			files = (
				DCC1A3B013A94F1A005BD75D /* config.lua in Resources */,
			);
			runOnlyForDeploymentPostprocessing = 0;
		};
/* End PBXResourcesBuildPhase section */

/* Begin PBXSourcesBuildPhase section */
		DCC1A0DF13A94ED5005BD75D /* Sources */ = {
			isa = PBXSourcesBuildPhase;
			buildActionMask = 2147483647;
			files = (
				0715944F1592BEF6003BC47E /* SPDrawing.m in Sources */,
				071594501592BEF6003BC47E /* SPDrawingManager.m in Sources */,
				071594511592BEF6003BC47E /* SPPlayer.m in Sources */,
				DCC1A3A913A94F1A005BD75D /* AppDelegate.m in Sources */,
				DCC1A3AD13A94F1A005BD75D /* main.m in Sources */,
				074DD68B157F76A000C4DCA7 /* KWMusicManager.m in Sources */,
				074DD68C157F76A000C4DCA7 /* tinymt32.c in Sources */,
				074DD68D157F76A000C4DCA7 /* KWLayer.m in Sources */,
				074DD68E157F76A000C4DCA7 /* KWState.m in Sources */,
				074DD68F157F76A000C4DCA7 /* KWStateManager.m in Sources */,
				074DD690157F76A000C4DCA7 /* CCSpriteExtension.m in Sources */,
				074DD691157F76A000C4DCA7 /* KWAnimation.m in Sources */,
				074DD692157F76A000C4DCA7 /* KWGauge.m in Sources */,
				074DD693157F76A000C4DCA7 /* KWMessageWindow.m in Sources */,
				074DD694157F76A000C4DCA7 /* KWPieChart.m in Sources */,
				074DD695157F76A000C4DCA7 /* KWScrollLayer.m in Sources */,
				074DD696157F76A000C4DCA7 /* KWShadowLabelTTF.m in Sources */,
				074DD697157F76A000C4DCA7 /* KWTimerLabel.m in Sources */,
				074DD698157F76A000C4DCA7 /* KWDrawingPrimitives.m in Sources */,
				074DD699157F76A000C4DCA7 /* KWRandom.m in Sources */,
				074DD69A157F76A000C4DCA7 /* KWSingleton.m in Sources */,
				074DD69B157F76A000C4DCA7 /* KWTimer.m in Sources */,
				074DD69C157F76A000C4DCA7 /* KWUtility.m in Sources */,
				074DD69D157F76A000C4DCA7 /* KWVector.m in Sources */,
				074DD69E157F76A000C4DCA7 /* NSArrayExtension.m in Sources */,
				074DD6A5157F7D1300C4DCA7 /* SPMainLayer.m in Sources */,
				07980DF91585B0E8004B230C /* CCTexture2D+DrawInPoly.m in Sources */,
				070FCCD6158E6BDC00F6DC00 /* SPStatusBar.m in Sources */,
				070FCCDD158E836600F6DC00 /* CCToggleSprite.m in Sources */,
				0715946C1592D1FD003BC47E /* SPItem.m in Sources */,
			);
			runOnlyForDeploymentPostprocessing = 0;
		};
		DCC1A25613A94EE6005BD75D /* Sources */ = {
			isa = PBXSourcesBuildPhase;
			buildActionMask = 2147483647;
			files = (
				DCC1A3AA13A94F1A005BD75D /* AppDelegate.m in Sources */,
				DCC1A3AE13A94F1A005BD75D /* main.m in Sources */,
			);
			runOnlyForDeploymentPostprocessing = 0;
		};
/* End PBXSourcesBuildPhase section */

/* Begin XCBuildConfiguration section */
		DCC1A0DD13A94EC0005BD75D /* Debug */ = {
			isa = XCBuildConfiguration;
			buildSettings = {
				CODE_SIGN_IDENTITY = "iPhone Developer: Kohki Miki (3YM67K3AKM)";
				PROVISIONING_PROFILE = "F3D1DBF0-84D0-4BA8-B156-A2A323049552";
			};
			name = Debug;
		};
		DCC1A0DE13A94EC0005BD75D /* Release */ = {
			isa = XCBuildConfiguration;
			buildSettings = {
				CODE_SIGN_IDENTITY = "iPhone Developer: Kohki Miki (3YM67K3AKM)";
				PROVISIONING_PROFILE = "F3D1DBF0-84D0-4BA8-B156-A2A323049552";
			};
			name = Release;
		};
		DCC1A25413A94ED7005BD75D /* Debug */ = {
			isa = XCBuildConfiguration;
			baseConfigurationReference = DCFA90EF13B4F6F7009DD35A /* BuildSettings-Debug-iOS.xcconfig */;
			buildSettings = {
				CODE_SIGN_IDENTITY = "iPhone Developer: Kohki Miki (3YM67K3AKM)";
				"CODE_SIGN_IDENTITY[sdk=iphoneos*]" = "iPhone Developer: Kohki Miki (3YM67K3AKM)";
				GCC_THUMB_SUPPORT = NO;
				IPHONEOS_DEPLOYMENT_TARGET = 5.0;
				LIBRARY_SEARCH_PATHS = (
					"$(inherited)",
					"\"$(SRCROOT)/../__Kobold2D__/libs/GoogleAdMobAdsSDK\"",
				);
				PROVISIONING_PROFILE = "8DE5F19A-2913-4810-A997-A3734A95AC1F";
				"PROVISIONING_PROFILE[sdk=iphoneos*]" = "8DE5F19A-2913-4810-A997-A3734A95AC1F";
				TARGETED_DEVICE_FAMILY = 2;
			};
			name = Debug;
		};
		DCC1A25513A94ED7005BD75D /* Release */ = {
			isa = XCBuildConfiguration;
			baseConfigurationReference = DCFA90F013B4F811009DD35A /* BuildSettings-Release-iOS.xcconfig */;
			buildSettings = {
				CODE_SIGN_IDENTITY = "iPhone Developer: Kohki Miki (3YM67K3AKM)";
				"CODE_SIGN_IDENTITY[sdk=iphoneos*]" = "iPhone Developer: Kohki Miki (3YM67K3AKM)";
				GCC_THUMB_SUPPORT = NO;
				IPHONEOS_DEPLOYMENT_TARGET = 5.0;
				LIBRARY_SEARCH_PATHS = (
					"$(inherited)",
					"\"$(SRCROOT)/../__Kobold2D__/libs/GoogleAdMobAdsSDK\"",
				);
				PROVISIONING_PROFILE = "8DE5F19A-2913-4810-A997-A3734A95AC1F";
				"PROVISIONING_PROFILE[sdk=iphoneos*]" = "8DE5F19A-2913-4810-A997-A3734A95AC1F";
				TARGETED_DEVICE_FAMILY = 2;
			};
			name = Release;
		};
		DCC1A38A13A94EE7005BD75D /* Debug */ = {
			isa = XCBuildConfiguration;
			baseConfigurationReference = DC9C33E713B5024400931BF2 /* BuildSettings-Debug-Mac.xcconfig */;
			buildSettings = {
			};
			name = Debug;
		};
		DCC1A38B13A94EE7005BD75D /* Release */ = {
			isa = XCBuildConfiguration;
			baseConfigurationReference = DC9C33E913B5024400931BF2 /* BuildSettings-Release-Mac.xcconfig */;
			buildSettings = {
			};
			name = Release;
		};
/* End XCBuildConfiguration section */

/* Begin XCConfigurationList section */
		DCC1A0DB13A94EC0005BD75D /* Build configuration list for PBXProject "Spring" */ = {
			isa = XCConfigurationList;
			buildConfigurations = (
				DCC1A0DD13A94EC0005BD75D /* Debug */,
				DCC1A0DE13A94EC0005BD75D /* Release */,
			);
			defaultConfigurationIsVisible = 0;
			defaultConfigurationName = Release;
		};
		DCC1A25313A94ED7005BD75D /* Build configuration list for PBXNativeTarget "Spring-iOS" */ = {
			isa = XCConfigurationList;
			buildConfigurations = (
				DCC1A25413A94ED7005BD75D /* Debug */,
				DCC1A25513A94ED7005BD75D /* Release */,
			);
			defaultConfigurationIsVisible = 0;
			defaultConfigurationName = Release;
		};
		DCC1A38913A94EE7005BD75D /* Build configuration list for PBXNativeTarget "Spring-Mac" */ = {
			isa = XCConfigurationList;
			buildConfigurations = (
				DCC1A38A13A94EE7005BD75D /* Debug */,
				DCC1A38B13A94EE7005BD75D /* Release */,
			);
			defaultConfigurationIsVisible = 0;
			defaultConfigurationName = Release;
		};
/* End XCConfigurationList section */
	};
	rootObject = DCC1A0D813A94EC0005BD75D /* Project object */;
}
